// !$*UTF8*$!
{
	archiveVersion = 1;
	classes = {
	};
	objectVersion = 46;
	objects = {

/* Begin PBXBuildFile section */
		501FF58718C5ECA8001AABCC /* Preferenze.m in Sources */ = {isa = PBXBuildFile; fileRef = 501FF58618C5ECA8001AABCC /* Preferenze.m */; };
		5035926C18C5CE2100E9F28F /* iCarousel.m in Sources */ = {isa = PBXBuildFile; fileRef = 5035926B18C5CE2100E9F28F /* iCarousel.m */; };
		5035927018C5CE6100E9F28F /* cGestService.m in Sources */ = {isa = PBXBuildFile; fileRef = 5035926F18C5CE6100E9F28F /* cGestService.m */; };
		5035927618C5CE9200E9F28F /* NSDataAdditions.m in Sources */ = {isa = PBXBuildFile; fileRef = 5035927318C5CE9200E9F28F /* NSDataAdditions.m */; };
		5035927718C5CE9200E9F28F /* TBXML.m in Sources */ = {isa = PBXBuildFile; fileRef = 5035927518C5CE9200E9F28F /* TBXML.m */; };
		5035927D18C5CEC700E9F28F /* cElencoArticoli.m in Sources */ = {isa = PBXBuildFile; fileRef = 5035927A18C5CEC700E9F28F /* cElencoArticoli.m */; };
		5035927E18C5CEC700E9F28F /* Articolo.m in Sources */ = {isa = PBXBuildFile; fileRef = 5035927C18C5CEC700E9F28F /* Articolo.m */; };
		5035928218C5CEFC00E9F28F /* MBProgressHUD.m in Sources */ = {isa = PBXBuildFile; fileRef = 5035928118C5CEFC00E9F28F /* MBProgressHUD.m */; };
		5035928618C5CF9100E9F28F /* SchedaCell.m in Sources */ = {isa = PBXBuildFile; fileRef = 5035928518C5CF9100E9F28F /* SchedaCell.m */; };
		5035928918C5CFB400E9F28F /* PuzzleGame.m in Sources */ = {isa = PBXBuildFile; fileRef = 5035928818C5CFB400E9F28F /* PuzzleGame.m */; };
		5035928C18C5CFD000E9F28F /* DettagliCorpiViewController.m in Sources */ = {isa = PBXBuildFile; fileRef = 5035928B18C5CFD000E9F28F /* DettagliCorpiViewController.m */; };
		5035928F18C5CFE400E9F28F /* CopyrightViewController.m in Sources */ = {isa = PBXBuildFile; fileRef = 5035928E18C5CFE400E9F28F /* CopyrightViewController.m */; };
		5035929218C5D00A00E9F28F /* HomeViewController.m in Sources */ = {isa = PBXBuildFile; fileRef = 5035929018C5D00900E9F28F /* HomeViewController.m */; };
		5035929518C5D01E00E9F28F /* DettagliObViewController.m in Sources */ = {isa = PBXBuildFile; fileRef = 5035929418C5D01E00E9F28F /* DettagliObViewController.m */; };
		5035929818C5D02600E9F28F /* CorpiViewController.m in Sources */ = {isa = PBXBuildFile; fileRef = 5035929718C5D02600E9F28F /* CorpiViewController.m */; };
		5035929A18C5D03E00E9F28F /* Main_iPhone.storyboard in Resources */ = {isa = PBXBuildFile; fileRef = 5035929918C5D03E00E9F28F /* Main_iPhone.storyboard */; };
		5035929C18C5D04700E9F28F /* Main_iPad.storyboard in Resources */ = {isa = PBXBuildFile; fileRef = 5035929B18C5D04700E9F28F /* Main_iPad.storyboard */; };
		5035929E18C5D05E00E9F28F /* Social.framework in Frameworks */ = {isa = PBXBuildFile; fileRef = 5035929D18C5D05E00E9F28F /* Social.framework */; };
		503592A018C5D06900E9F28F /* MessageUI.framework in Frameworks */ = {isa = PBXBuildFile; fileRef = 5035929F18C5D06900E9F28F /* MessageUI.framework */; };
		503592A218C5D07F00E9F28F /* QuartzCore.framework in Frameworks */ = {isa = PBXBuildFile; fileRef = 503592A118C5D07F00E9F28F /* QuartzCore.framework */; };
		503592A418C5D08F00E9F28F /* libz.dylib in Frameworks */ = {isa = PBXBuildFile; fileRef = 503592A318C5D08F00E9F28F /* libz.dylib */; };
		503592A918C5D24500E9F28F /* code.photoswipe-3.0.5.js in Resources */ = {isa = PBXBuildFile; fileRef = 503592A818C5D24500E9F28F /* code.photoswipe-3.0.5.js */; };
		503592B418C5D24D00E9F28F /* code.photoswipe-3.0.5.min.js in Resources */ = {isa = PBXBuildFile; fileRef = 503592AA18C5D24D00E9F28F /* code.photoswipe-3.0.5.min.js */; };
		503592B518C5D24D00E9F28F /* code.photoswipe.jquery-3.0.5.js in Resources */ = {isa = PBXBuildFile; fileRef = 503592AB18C5D24D00E9F28F /* code.photoswipe.jquery-3.0.5.js */; };
		503592B618C5D24D00E9F28F /* code.photoswipe.jquery-3.0.5.min.js in Resources */ = {isa = PBXBuildFile; fileRef = 503592AC18C5D24D00E9F28F /* code.photoswipe.jquery-3.0.5.min.js */; };
		503592B718C5D24D00E9F28F /* jquery-1.5.1.min.js in Resources */ = {isa = PBXBuildFile; fileRef = 503592AD18C5D24D00E9F28F /* jquery-1.5.1.min.js */; };
		503592B818C5D24D00E9F28F /* jquery-1.9.1.min.js in Resources */ = {isa = PBXBuildFile; fileRef = 503592AE18C5D24D00E9F28F /* jquery-1.9.1.min.js */; };
		503592B918C5D24D00E9F28F /* jquery.mobile-1.2.0-rc.2.min.js in Resources */ = {isa = PBXBuildFile; fileRef = 503592AF18C5D24D00E9F28F /* jquery.mobile-1.2.0-rc.2.min.js */; };
		503592BA18C5D24D00E9F28F /* jquery.mobile-1.3.2.min.js in Resources */ = {isa = PBXBuildFile; fileRef = 503592B018C5D24D00E9F28F /* jquery.mobile-1.3.2.min.js */; };
		503592BB18C5D24D00E9F28F /* klass.min.js in Resources */ = {isa = PBXBuildFile; fileRef = 503592B118C5D24D00E9F28F /* klass.min.js */; };
		503592BC18C5D24D00E9F28F /* NocBible.js in Resources */ = {isa = PBXBuildFile; fileRef = 503592B218C5D24D00E9F28F /* NocBible.js */; };
		503592BD18C5D24D00E9F28F /* phonegap.0.9.4.js in Resources */ = {isa = PBXBuildFile; fileRef = 503592B318C5D24D00E9F28F /* phonegap.0.9.4.js */; };
		5035931718C5D27800E9F28F /* 9.png in Resources */ = {isa = PBXBuildFile; fileRef = 503592BE18C5D27700E9F28F /* 9.png */; };
		5035931818C5D27800E9F28F /* 16.png in Resources */ = {isa = PBXBuildFile; fileRef = 503592BF18C5D27700E9F28F /* 16.png */; };
		5035931918C5D27800E9F28F /* 25.png in Resources */ = {isa = PBXBuildFile; fileRef = 503592C018C5D27700E9F28F /* 25.png */; };
		5035931A18C5D27800E9F28F /* 36.png in Resources */ = {isa = PBXBuildFile; fileRef = 503592C118C5D27700E9F28F /* 36.png */; };
		5035931C18C5D27800E9F28F /* 64.png in Resources */ = {isa = PBXBuildFile; fileRef = 503592C318C5D27700E9F28F /* 64.png */; };
		5035931D18C5D27800E9F28F /* 81.png in Resources */ = {isa = PBXBuildFile; fileRef = 503592C418C5D27700E9F28F /* 81.png */; };
		5035931E18C5D27800E9F28F /* 100.png in Resources */ = {isa = PBXBuildFile; fileRef = 503592C518C5D27700E9F28F /* 100.png */; };
		5035931F18C5D27800E9F28F /* 1536x2048.png in Resources */ = {isa = PBXBuildFile; fileRef = 503592C618C5D27700E9F28F /* 1536x2048.png */; };
		5035932018C5D27800E9F28F /* background.png in Resources */ = {isa = PBXBuildFile; fileRef = 503592C718C5D27700E9F28F /* background.png */; };
		5035932118C5D27800E9F28F /* backhome.png in Resources */ = {isa = PBXBuildFile; fileRef = 503592C818C5D27700E9F28F /* backhome.png */; };
		5035932218C5D27800E9F28F /* blogicon.png in Resources */ = {isa = PBXBuildFile; fileRef = 503592C918C5D27700E9F28F /* blogicon.png */; };
		5035932418C5D27800E9F28F /* corpimg.png in Resources */ = {isa = PBXBuildFile; fileRef = 503592CB18C5D27700E9F28F /* corpimg.png */; };
		5035932618C5D27800E9F28F /* Default-Landscape-1024@2x~ipad.png in Resources */ = {isa = PBXBuildFile; fileRef = 503592CD18C5D27700E9F28F /* Default-Landscape-1024@2x~ipad.png */; };
		5035932718C5D27800E9F28F /* Default-Landscape-1024~ipad.png in Resources */ = {isa = PBXBuildFile; fileRef = 503592CE18C5D27700E9F28F /* Default-Landscape-1024~ipad.png */; };
		5035932818C5D27800E9F28F /* Default-Landscape@2x~ipad.png in Resources */ = {isa = PBXBuildFile; fileRef = 503592CF18C5D27700E9F28F /* Default-Landscape@2x~ipad.png */; };
		5035932918C5D27800E9F28F /* Default-Landscape~ipad.png in Resources */ = {isa = PBXBuildFile; fileRef = 503592D018C5D27700E9F28F /* Default-Landscape~ipad.png */; };
		5035932C18C5D27800E9F28F /* Default-Portrait@2x~ipad.png in Resources */ = {isa = PBXBuildFile; fileRef = 503592D318C5D27700E9F28F /* Default-Portrait@2x~ipad.png */; };
		5035933018C5D27800E9F28F /* facebookicon.png in Resources */ = {isa = PBXBuildFile; fileRef = 503592D718C5D27700E9F28F /* facebookicon.png */; };
		5035933118C5D27800E9F28F /* favorite_ico.png in Resources */ = {isa = PBXBuildFile; fileRef = 503592D818C5D27700E9F28F /* favorite_ico.png */; };
		5035933218C5D27800E9F28F /* flickricon.png in Resources */ = {isa = PBXBuildFile; fileRef = 503592D918C5D27700E9F28F /* flickricon.png */; };
		5035933318C5D27800E9F28F /* gameimg.png in Resources */ = {isa = PBXBuildFile; fileRef = 503592DA18C5D27700E9F28F /* gameimg.png */; };
		5035933418C5D27800E9F28F /* gameimg2.png in Resources */ = {isa = PBXBuildFile; fileRef = 503592DB18C5D27700E9F28F /* gameimg2.png */; };
		5035933518C5D27800E9F28F /* home_ico.png in Resources */ = {isa = PBXBuildFile; fileRef = 503592DC18C5D27700E9F28F /* home_ico.png */; };
		5035933618C5D27800E9F28F /* home_ico18.png in Resources */ = {isa = PBXBuildFile; fileRef = 503592DD18C5D27700E9F28F /* home_ico18.png */; };
		5035933718C5D27800E9F28F /* icons-18-black.png in Resources */ = {isa = PBXBuildFile; fileRef = 503592DE18C5D27700E9F28F /* icons-18-black.png */; };
		5035933818C5D27800E9F28F /* icons-18-white.png in Resources */ = {isa = PBXBuildFile; fileRef = 503592DF18C5D27700E9F28F /* icons-18-white.png */; };
		5035933918C5D27800E9F28F /* icons-36-black.png in Resources */ = {isa = PBXBuildFile; fileRef = 503592E018C5D27700E9F28F /* icons-36-black.png */; };
		5035933A18C5D27800E9F28F /* icons-36-white.png in Resources */ = {isa = PBXBuildFile; fileRef = 503592E118C5D27700E9F28F /* icons-36-white.png */; };
		5035933B18C5D27800E9F28F /* icons.png in Resources */ = {isa = PBXBuildFile; fileRef = 503592E218C5D27700E9F28F /* icons.png */; };
		5035933C18C5D27800E9F28F /* icons@2x.png in Resources */ = {isa = PBXBuildFile; fileRef = 503592E318C5D27700E9F28F /* icons@2x.png */; };
		5035933D18C5D27800E9F28F /* info.png in Resources */ = {isa = PBXBuildFile; fileRef = 503592E418C5D27700E9F28F /* info.png */; };
		5035933E18C5D27800E9F28F /* info2.png in Resources */ = {isa = PBXBuildFile; fileRef = 503592E518C5D27700E9F28F /* info2.png */; };
		5035933F18C5D27800E9F28F /* logo_noc.png in Resources */ = {isa = PBXBuildFile; fileRef = 503592E618C5D27700E9F28F /* logo_noc.png */; };
		5035934018C5D27800E9F28F /* noc_camera_bible.png in Resources */ = {isa = PBXBuildFile; fileRef = 503592E718C5D27700E9F28F /* noc_camera_bible.png */; };
		5035934118C5D27800E9F28F /* obiettivimg.png in Resources */ = {isa = PBXBuildFile; fileRef = 503592E818C5D27700E9F28F /* obiettivimg.png */; };
		5035934218C5D27800E9F28F /* otherpics_ico.png in Resources */ = {isa = PBXBuildFile; fileRef = 503592E918C5D27700E9F28F /* otherpics_ico.png */; };
		5035934318C5D27800E9F28F /* otherpics_ico18.png in Resources */ = {isa = PBXBuildFile; fileRef = 503592EA18C5D27700E9F28F /* otherpics_ico18.png */; };
		5035934418C5D27800E9F28F /* page.png in Resources */ = {isa = PBXBuildFile; fileRef = 503592EB18C5D27700E9F28F /* page.png */; };
		5035934518C5D27800E9F28F /* share_ico.png in Resources */ = {isa = PBXBuildFile; fileRef = 503592EC18C5D27700E9F28F /* share_ico.png */; };
		5035934618C5D27800E9F28F /* share_ico18.png in Resources */ = {isa = PBXBuildFile; fileRef = 503592ED18C5D27700E9F28F /* share_ico18.png */; };
		5035934718C5D27800E9F28F /* sharefacebook.png in Resources */ = {isa = PBXBuildFile; fileRef = 503592EE18C5D27700E9F28F /* sharefacebook.png */; };
		5035934818C5D27800E9F28F /* sharegoogle.png in Resources */ = {isa = PBXBuildFile; fileRef = 503592EF18C5D27700E9F28F /* sharegoogle.png */; };
		5035934918C5D27800E9F28F /* twittericon.png in Resources */ = {isa = PBXBuildFile; fileRef = 503592F018C5D27700E9F28F /* twittericon.png */; };
		5035934A18C5D27800E9F28F /* accessorio.jpg in Resources */ = {isa = PBXBuildFile; fileRef = 503592F118C5D27700E9F28F /* accessorio.jpg */; };
		5035934B18C5D27800E9F28F /* accessorio2.jpg in Resources */ = {isa = PBXBuildFile; fileRef = 503592F218C5D27700E9F28F /* accessorio2.jpg */; };
		5035934C18C5D27800E9F28F /* corpo.jpg in Resources */ = {isa = PBXBuildFile; fileRef = 503592F318C5D27700E9F28F /* corpo.jpg */; };
		5035934D18C5D27800E9F28F /* corpo2.jpg in Resources */ = {isa = PBXBuildFile; fileRef = 503592F418C5D27700E9F28F /* corpo2.jpg */; };
		5035934E18C5D27800E9F28F /* corpo3.jpg in Resources */ = {isa = PBXBuildFile; fileRef = 503592F518C5D27700E9F28F /* corpo3.jpg */; };
		5035934F18C5D27800E9F28F /* corpo4.jpg in Resources */ = {isa = PBXBuildFile; fileRef = 503592F618C5D27700E9F28F /* corpo4.jpg */; };
		5035935018C5D27800E9F28F /* corpo5.jpg in Resources */ = {isa = PBXBuildFile; fileRef = 503592F718C5D27700E9F28F /* corpo5.jpg */; };
		5035935118C5D27800E9F28F /* corpo6.jpg in Resources */ = {isa = PBXBuildFile; fileRef = 503592F818C5D27700E9F28F /* corpo6.jpg */; };
		5035935218C5D27800E9F28F /* NN1228_DSCN7197.jpg in Resources */ = {isa = PBXBuildFile; fileRef = 503592F918C5D27700E9F28F /* NN1228_DSCN7197.jpg */; };
		5035935318C5D27800E9F28F /* NN1596_DSCN0853.jpg in Resources */ = {isa = PBXBuildFile; fileRef = 503592FA18C5D27700E9F28F /* NN1596_DSCN0853.jpg */; };
		5035935418C5D27800E9F28F /* obi1.jpg in Resources */ = {isa = PBXBuildFile; fileRef = 503592FB18C5D27700E9F28F /* obi1.jpg */; };
		5035935518C5D27800E9F28F /* obi2.jpg in Resources */ = {isa = PBXBuildFile; fileRef = 503592FC18C5D27700E9F28F /* obi2.jpg */; };
		5035935618C5D27800E9F28F /* obi3.jpg in Resources */ = {isa = PBXBuildFile; fileRef = 503592FD18C5D27700E9F28F /* obi3.jpg */; };
		5035935718C5D27800E9F28F /* obiettivo.jpg in Resources */ = {isa = PBXBuildFile; fileRef = 503592FE18C5D27700E9F28F /* obiettivo.jpg */; };
		5035935818C5D27800E9F28F /* obiettivo1.jpg in Resources */ = {isa = PBXBuildFile; fileRef = 503592FF18C5D27700E9F28F /* obiettivo1.jpg */; };
		5035935918C5D27800E9F28F /* obiettivo2.jpg in Resources */ = {isa = PBXBuildFile; fileRef = 5035930018C5D27700E9F28F /* obiettivo2.jpg */; };
		5035935A18C5D27800E9F28F /* obiettivo3.jpg in Resources */ = {isa = PBXBuildFile; fileRef = 5035930118C5D27700E9F28F /* obiettivo3.jpg */; };
		5035935B18C5D27800E9F28F /* ajax-loader.gif in Resources */ = {isa = PBXBuildFile; fileRef = 5035930218C5D27700E9F28F /* ajax-loader.gif */; };
		5035935C18C5D27800E9F28F /* codecomputerlovelogo.gif in Resources */ = {isa = PBXBuildFile; fileRef = 5035930318C5D27700E9F28F /* codecomputerlovelogo.gif */; };
		5035935D18C5D27800E9F28F /* error.gif in Resources */ = {isa = PBXBuildFile; fileRef = 5035930418C5D27700E9F28F /* error.gif */; };
		5035935E18C5D27800E9F28F /* loader.gif in Resources */ = {isa = PBXBuildFile; fileRef = 5035930518C5D27700E9F28F /* loader.gif */; };
		5035935F18C5D27800E9F28F /* corpo.html in Resources */ = {isa = PBXBuildFile; fileRef = 5035930618C5D27700E9F28F /* corpo.html */; };
		5035936018C5D27800E9F28F /* immagini.html in Resources */ = {isa = PBXBuildFile; fileRef = 5035930718C5D27700E9F28F /* immagini.html */; };
		5035936118C5D27800E9F28F /* immaginiOB.html in Resources */ = {isa = PBXBuildFile; fileRef = 5035930818C5D27700E9F28F /* immaginiOB.html */; };
		5035936218C5D27800E9F28F /* info.html in Resources */ = {isa = PBXBuildFile; fileRef = 5035930918C5D27700E9F28F /* info.html */; };
		5035936318C5D27800E9F28F /* NocBible.html in Resources */ = {isa = PBXBuildFile; fileRef = 5035930A18C5D27700E9F28F /* NocBible.html */; };
		5035936418C5D27800E9F28F /* NocGame.html in Resources */ = {isa = PBXBuildFile; fileRef = 5035930B18C5D27700E9F28F /* NocGame.html */; };
		5035936518C5D27800E9F28F /* obiettivo.html in Resources */ = {isa = PBXBuildFile; fileRef = 5035930C18C5D27700E9F28F /* obiettivo.html */; };
		5035936618C5D27800E9F28F /* gioco.css in Resources */ = {isa = PBXBuildFile; fileRef = 5035930D18C5D27700E9F28F /* gioco.css */; };
		5035936718C5D27800E9F28F /* imot.css in Resources */ = {isa = PBXBuildFile; fileRef = 5035930E18C5D27700E9F28F /* imot.css */; };
		5035936818C5D27800E9F28F /* imot.min.css in Resources */ = {isa = PBXBuildFile; fileRef = 5035930F18C5D27800E9F28F /* imot.min.css */; };
		5035936918C5D27800E9F28F /* jquery-mobile.css in Resources */ = {isa = PBXBuildFile; fileRef = 5035931018C5D27800E9F28F /* jquery-mobile.css */; };
		5035936A18C5D27800E9F28F /* jquery.mobile-1.0.1.min.css in Resources */ = {isa = PBXBuildFile; fileRef = 5035931118C5D27800E9F28F /* jquery.mobile-1.0.1.min.css */; };
		5035936B18C5D27800E9F28F /* jquery.mobile-1.2.0-rc.2.min.css in Resources */ = {isa = PBXBuildFile; fileRef = 5035931218C5D27800E9F28F /* jquery.mobile-1.2.0-rc.2.min.css */; };
		5035936C18C5D27800E9F28F /* photoswipe.css in Resources */ = {isa = PBXBuildFile; fileRef = 5035931318C5D27800E9F28F /* photoswipe.css */; };
		5035936D18C5D27800E9F28F /* styles.css in Resources */ = {isa = PBXBuildFile; fileRef = 5035931418C5D27800E9F28F /* styles.css */; };
		5035936E18C5D27800E9F28F /* NocBible.asmx in Resources */ = {isa = PBXBuildFile; fileRef = 5035931518C5D27800E9F28F /* NocBible.asmx */; };
		5035936F18C5D27800E9F28F /* code.photoswipe-3.0.5.min.js.map in Resources */ = {isa = PBXBuildFile; fileRef = 5035931618C5D27800E9F28F /* code.photoswipe-3.0.5.min.js.map */; };
		5035937218C5D4BC00E9F28F /* left_1x.png in Resources */ = {isa = PBXBuildFile; fileRef = 5035937018C5D4BC00E9F28F /* left_1x.png */; };
		5035937318C5D4BC00E9F28F /* left_2x.png in Resources */ = {isa = PBXBuildFile; fileRef = 5035937118C5D4BC00E9F28F /* left_2x.png */; };
		5035937618C5D53800E9F28F /* right_1x.png in Resources */ = {isa = PBXBuildFile; fileRef = 5035937418C5D53800E9F28F /* right_1x.png */; };
		5035937718C5D53800E9F28F /* right_2x.png in Resources */ = {isa = PBXBuildFile; fileRef = 5035937518C5D53800E9F28F /* right_2x.png */; };
		5076B99917F5939B008D2F26 /* Reachability.m in Sources */ = {isa = PBXBuildFile; fileRef = 5076B99817F5939B008D2F26 /* Reachability.m */; };
		5076B99B17F594A8008D2F26 /* SystemConfiguration.framework in Frameworks */ = {isa = PBXBuildFile; fileRef = 5076B99A17F594A8008D2F26 /* SystemConfiguration.framework */; };
		50C8237217F4845B001BEFA7 /* Foundation.framework in Frameworks */ = {isa = PBXBuildFile; fileRef = 50C8237117F4845B001BEFA7 /* Foundation.framework */; };
		50C8237417F4845B001BEFA7 /* CoreGraphics.framework in Frameworks */ = {isa = PBXBuildFile; fileRef = 50C8237317F4845B001BEFA7 /* CoreGraphics.framework */; };
		50C8237617F4845B001BEFA7 /* UIKit.framework in Frameworks */ = {isa = PBXBuildFile; fileRef = 50C8237517F4845B001BEFA7 /* UIKit.framework */; };
		50C8237C17F4845B001BEFA7 /* InfoPlist.strings in Resources */ = {isa = PBXBuildFile; fileRef = 50C8237A17F4845B001BEFA7 /* InfoPlist.strings */; };
		50C8237E17F4845B001BEFA7 /* main.m in Sources */ = {isa = PBXBuildFile; fileRef = 50C8237D17F4845B001BEFA7 /* main.m */; };
		50C8238217F4845B001BEFA7 /* AppDelegate.m in Sources */ = {isa = PBXBuildFile; fileRef = 50C8238117F4845B001BEFA7 /* AppDelegate.m */; };
		50C8238B17F4845B001BEFA7 /* ViewController.m in Sources */ = {isa = PBXBuildFile; fileRef = 50C8238A17F4845B001BEFA7 /* ViewController.m */; };
		50C8238D17F4845B001BEFA7 /* Images.xcassets in Resources */ = {isa = PBXBuildFile; fileRef = 50C8238C17F4845B001BEFA7 /* Images.xcassets */; };
		50C8239417F4845B001BEFA7 /* XCTest.framework in Frameworks */ = {isa = PBXBuildFile; fileRef = 50C8239317F4845B001BEFA7 /* XCTest.framework */; };
		50C8239517F4845B001BEFA7 /* Foundation.framework in Frameworks */ = {isa = PBXBuildFile; fileRef = 50C8237117F4845B001BEFA7 /* Foundation.framework */; };
		50C8239617F4845B001BEFA7 /* UIKit.framework in Frameworks */ = {isa = PBXBuildFile; fileRef = 50C8237517F4845B001BEFA7 /* UIKit.framework */; };
		50C8239E17F4845B001BEFA7 /* InfoPlist.strings in Resources */ = {isa = PBXBuildFile; fileRef = 50C8239C17F4845B001BEFA7 /* InfoPlist.strings */; };
		50C823A017F4845B001BEFA7 /* NocBibleTests.m in Sources */ = {isa = PBXBuildFile; fileRef = 50C8239F17F4845B001BEFA7 /* NocBibleTests.m */; };
		652389CA1833D670009ED99D /* Default-568h@2x.png in Resources */ = {isa = PBXBuildFile; fileRef = 652389BF1833D670009ED99D /* Default-568h@2x.png */; };
		652389D21833D670009ED99D /* Default-Portrait~ipad.png in Resources */ = {isa = PBXBuildFile; fileRef = 652389C71833D670009ED99D /* Default-Portrait~ipad.png */; };
		652389D31833D670009ED99D /* Default.png in Resources */ = {isa = PBXBuildFile; fileRef = 652389C81833D670009ED99D /* Default.png */; };
		652389D41833D670009ED99D /* Default~iphone.png in Resources */ = {isa = PBXBuildFile; fileRef = 652389C91833D670009ED99D /* Default~iphone.png */; };
		6581D70318C7252900506026 /* NocGame2.html in Resources */ = {isa = PBXBuildFile; fileRef = 6581D70218C7252900506026 /* NocGame2.html */; };
		6581D70518C7253000506026 /* congratulation2.png in Resources */ = {isa = PBXBuildFile; fileRef = 6581D70418C7253000506026 /* congratulation2.png */; };
		6581D70718C7253700506026 /* corpoip.jpg in Resources */ = {isa = PBXBuildFile; fileRef = 6581D70618C7253700506026 /* corpoip.jpg */; };
		6581D70918C7253D00506026 /* corpo22.jpg in Resources */ = {isa = PBXBuildFile; fileRef = 6581D70818C7253D00506026 /* corpo22.jpg */; };
		6581D70B18C7254200506026 /* corpo33.jpg in Resources */ = {isa = PBXBuildFile; fileRef = 6581D70A18C7254200506026 /* corpo33.jpg */; };
		6581D70D18C7254700506026 /* corpo44.jpg in Resources */ = {isa = PBXBuildFile; fileRef = 6581D70C18C7254700506026 /* corpo44.jpg */; };
		6581D70F18C7254C00506026 /* corpo55.jpg in Resources */ = {isa = PBXBuildFile; fileRef = 6581D70E18C7254C00506026 /* corpo55.jpg */; };
		6581D71118C7255100506026 /* corpo66.jpg in Resources */ = {isa = PBXBuildFile; fileRef = 6581D71018C7255100506026 /* corpo66.jpg */; };
		6581D71318C7255600506026 /* obi11.jpg in Resources */ = {isa = PBXBuildFile; fileRef = 6581D71218C7255600506026 /* obi11.jpg */; };
		6581D71518C7255C00506026 /* obi22.jpg in Resources */ = {isa = PBXBuildFile; fileRef = 6581D71418C7255C00506026 /* obi22.jpg */; };
		6581D71718C7256100506026 /* obi33.jpg in Resources */ = {isa = PBXBuildFile; fileRef = 6581D71618C7256100506026 /* obi33.jpg */; };
		6581D71918C7258E00506026 /* congratulation.png in Resources */ = {isa = PBXBuildFile; fileRef = 6581D71818C7258E00506026 /* congratulation.png */; };
		6581D71F18C72FBF00506026 /* PuzzleGameIPhone.m in Sources */ = {isa = PBXBuildFile; fileRef = 6581D71E18C72FBF00506026 /* PuzzleGameIPhone.m */; };
		65F61B2718C5E99300CCB5B7 /* 49.png in Resources */ = {isa = PBXBuildFile; fileRef = 65F61B2618C5E99300CCB5B7 /* 49.png */; };
/* End PBXBuildFile section */

/* Begin PBXContainerItemProxy section */
		50C8239717F4845B001BEFA7 /* PBXContainerItemProxy */ = {
			isa = PBXContainerItemProxy;
			containerPortal = 50C8236617F4845B001BEFA7 /* Project object */;
			proxyType = 1;
			remoteGlobalIDString = 50C8236D17F4845B001BEFA7;
			remoteInfo = NocBible;
		};
/* End PBXContainerItemProxy section */

/* Begin PBXFileReference section */
		501FF58518C5ECA8001AABCC /* Preferenze.h */ = {isa = PBXFileReference; fileEncoding = 4; lastKnownFileType = sourcecode.c.h; path = Preferenze.h; sourceTree = "<group>"; };
		501FF58618C5ECA8001AABCC /* Preferenze.m */ = {isa = PBXFileReference; fileEncoding = 4; lastKnownFileType = sourcecode.c.objc; path = Preferenze.m; sourceTree = "<group>"; };
		5035926A18C5CE2100E9F28F /* iCarousel.h */ = {isa = PBXFileReference; fileEncoding = 4; lastKnownFileType = sourcecode.c.h; path = iCarousel.h; sourceTree = "<group>"; };
		5035926B18C5CE2100E9F28F /* iCarousel.m */ = {isa = PBXFileReference; fileEncoding = 4; lastKnownFileType = sourcecode.c.objc; path = iCarousel.m; sourceTree = "<group>"; };
		5035926E18C5CE6100E9F28F /* cGestService.h */ = {isa = PBXFileReference; fileEncoding = 4; lastKnownFileType = sourcecode.c.h; path = cGestService.h; sourceTree = "<group>"; };
		5035926F18C5CE6100E9F28F /* cGestService.m */ = {isa = PBXFileReference; fileEncoding = 4; lastKnownFileType = sourcecode.c.objc; path = cGestService.m; sourceTree = "<group>"; };
		5035927218C5CE9200E9F28F /* NSDataAdditions.h */ = {isa = PBXFileReference; fileEncoding = 4; lastKnownFileType = sourcecode.c.h; path = NSDataAdditions.h; sourceTree = "<group>"; };
		5035927318C5CE9200E9F28F /* NSDataAdditions.m */ = {isa = PBXFileReference; fileEncoding = 4; lastKnownFileType = sourcecode.c.objc; path = NSDataAdditions.m; sourceTree = "<group>"; };
		5035927418C5CE9200E9F28F /* TBXML.h */ = {isa = PBXFileReference; fileEncoding = 4; lastKnownFileType = sourcecode.c.h; path = TBXML.h; sourceTree = "<group>"; };
		5035927518C5CE9200E9F28F /* TBXML.m */ = {isa = PBXFileReference; fileEncoding = 4; lastKnownFileType = sourcecode.c.objc; path = TBXML.m; sourceTree = "<group>"; };
		5035927918C5CEC700E9F28F /* cElencoArticoli.h */ = {isa = PBXFileReference; fileEncoding = 4; lastKnownFileType = sourcecode.c.h; path = cElencoArticoli.h; sourceTree = "<group>"; };
		5035927A18C5CEC700E9F28F /* cElencoArticoli.m */ = {isa = PBXFileReference; fileEncoding = 4; lastKnownFileType = sourcecode.c.objc; path = cElencoArticoli.m; sourceTree = "<group>"; };
		5035927B18C5CEC700E9F28F /* Articolo.h */ = {isa = PBXFileReference; fileEncoding = 4; lastKnownFileType = sourcecode.c.h; path = Articolo.h; sourceTree = "<group>"; };
		5035927C18C5CEC700E9F28F /* Articolo.m */ = {isa = PBXFileReference; fileEncoding = 4; lastKnownFileType = sourcecode.c.objc; path = Articolo.m; sourceTree = "<group>"; };
		5035928018C5CEFC00E9F28F /* MBProgressHUD.h */ = {isa = PBXFileReference; fileEncoding = 4; lastKnownFileType = sourcecode.c.h; path = MBProgressHUD.h; sourceTree = "<group>"; };
		5035928118C5CEFC00E9F28F /* MBProgressHUD.m */ = {isa = PBXFileReference; fileEncoding = 4; lastKnownFileType = sourcecode.c.objc; path = MBProgressHUD.m; sourceTree = "<group>"; };
		5035928418C5CF9100E9F28F /* SchedaCell.h */ = {isa = PBXFileReference; fileEncoding = 4; lastKnownFileType = sourcecode.c.h; path = SchedaCell.h; sourceTree = "<group>"; };
		5035928518C5CF9100E9F28F /* SchedaCell.m */ = {isa = PBXFileReference; fileEncoding = 4; lastKnownFileType = sourcecode.c.objc; path = SchedaCell.m; sourceTree = "<group>"; };
		5035928718C5CFB400E9F28F /* PuzzleGame.h */ = {isa = PBXFileReference; fileEncoding = 4; lastKnownFileType = sourcecode.c.h; path = PuzzleGame.h; sourceTree = "<group>"; };
		5035928818C5CFB400E9F28F /* PuzzleGame.m */ = {isa = PBXFileReference; fileEncoding = 4; lastKnownFileType = sourcecode.c.objc; path = PuzzleGame.m; sourceTree = "<group>"; };
		5035928A18C5CFD000E9F28F /* DettagliCorpiViewController.h */ = {isa = PBXFileReference; fileEncoding = 4; lastKnownFileType = sourcecode.c.h; path = DettagliCorpiViewController.h; sourceTree = "<group>"; };
		5035928B18C5CFD000E9F28F /* DettagliCorpiViewController.m */ = {isa = PBXFileReference; fileEncoding = 4; lastKnownFileType = sourcecode.c.objc; path = DettagliCorpiViewController.m; sourceTree = "<group>"; };
		5035928D18C5CFE400E9F28F /* CopyrightViewController.h */ = {isa = PBXFileReference; fileEncoding = 4; lastKnownFileType = sourcecode.c.h; path = CopyrightViewController.h; sourceTree = "<group>"; };
		5035928E18C5CFE400E9F28F /* CopyrightViewController.m */ = {isa = PBXFileReference; fileEncoding = 4; lastKnownFileType = sourcecode.c.objc; path = CopyrightViewController.m; sourceTree = "<group>"; };
		5035929018C5D00900E9F28F /* HomeViewController.m */ = {isa = PBXFileReference; fileEncoding = 4; lastKnownFileType = sourcecode.c.objc; path = HomeViewController.m; sourceTree = "<group>"; };
		5035929118C5D00A00E9F28F /* HomeViewController.h */ = {isa = PBXFileReference; fileEncoding = 4; lastKnownFileType = sourcecode.c.h; path = HomeViewController.h; sourceTree = "<group>"; };
		5035929318C5D01E00E9F28F /* DettagliObViewController.h */ = {isa = PBXFileReference; fileEncoding = 4; lastKnownFileType = sourcecode.c.h; path = DettagliObViewController.h; sourceTree = "<group>"; };
		5035929418C5D01E00E9F28F /* DettagliObViewController.m */ = {isa = PBXFileReference; fileEncoding = 4; lastKnownFileType = sourcecode.c.objc; path = DettagliObViewController.m; sourceTree = "<group>"; };
		5035929618C5D02600E9F28F /* CorpiViewController.h */ = {isa = PBXFileReference; fileEncoding = 4; lastKnownFileType = sourcecode.c.h; path = CorpiViewController.h; sourceTree = "<group>"; };
		5035929718C5D02600E9F28F /* CorpiViewController.m */ = {isa = PBXFileReference; fileEncoding = 4; lastKnownFileType = sourcecode.c.objc; path = CorpiViewController.m; sourceTree = "<group>"; };
		5035929918C5D03E00E9F28F /* Main_iPhone.storyboard */ = {isa = PBXFileReference; fileEncoding = 4; lastKnownFileType = file.storyboard; path = Main_iPhone.storyboard; sourceTree = "<group>"; };
		5035929B18C5D04700E9F28F /* Main_iPad.storyboard */ = {isa = PBXFileReference; fileEncoding = 4; lastKnownFileType = file.storyboard; path = Main_iPad.storyboard; sourceTree = "<group>"; };
		5035929D18C5D05E00E9F28F /* Social.framework */ = {isa = PBXFileReference; lastKnownFileType = wrapper.framework; name = Social.framework; path = System/Library/Frameworks/Social.framework; sourceTree = SDKROOT; };
		5035929F18C5D06900E9F28F /* MessageUI.framework */ = {isa = PBXFileReference; lastKnownFileType = wrapper.framework; name = MessageUI.framework; path = System/Library/Frameworks/MessageUI.framework; sourceTree = SDKROOT; };
		503592A118C5D07F00E9F28F /* QuartzCore.framework */ = {isa = PBXFileReference; lastKnownFileType = wrapper.framework; name = QuartzCore.framework; path = System/Library/Frameworks/QuartzCore.framework; sourceTree = SDKROOT; };
		503592A318C5D08F00E9F28F /* libz.dylib */ = {isa = PBXFileReference; lastKnownFileType = "compiled.mach-o.dylib"; name = libz.dylib; path = usr/lib/libz.dylib; sourceTree = SDKROOT; };
		503592A818C5D24500E9F28F /* code.photoswipe-3.0.5.js */ = {isa = PBXFileReference; fileEncoding = 4; lastKnownFileType = sourcecode.javascript; path = "code.photoswipe-3.0.5.js"; sourceTree = "<group>"; };
		503592AA18C5D24D00E9F28F /* code.photoswipe-3.0.5.min.js */ = {isa = PBXFileReference; fileEncoding = 4; lastKnownFileType = sourcecode.javascript; path = "code.photoswipe-3.0.5.min.js"; sourceTree = "<group>"; };
		503592AB18C5D24D00E9F28F /* code.photoswipe.jquery-3.0.5.js */ = {isa = PBXFileReference; fileEncoding = 4; lastKnownFileType = sourcecode.javascript; path = "code.photoswipe.jquery-3.0.5.js"; sourceTree = "<group>"; };
		503592AC18C5D24D00E9F28F /* code.photoswipe.jquery-3.0.5.min.js */ = {isa = PBXFileReference; fileEncoding = 4; lastKnownFileType = sourcecode.javascript; path = "code.photoswipe.jquery-3.0.5.min.js"; sourceTree = "<group>"; };
		503592AD18C5D24D00E9F28F /* jquery-1.5.1.min.js */ = {isa = PBXFileReference; fileEncoding = 4; lastKnownFileType = sourcecode.javascript; path = "jquery-1.5.1.min.js"; sourceTree = "<group>"; };
		503592AE18C5D24D00E9F28F /* jquery-1.9.1.min.js */ = {isa = PBXFileReference; fileEncoding = 4; lastKnownFileType = sourcecode.javascript; path = "jquery-1.9.1.min.js"; sourceTree = "<group>"; };
		503592AF18C5D24D00E9F28F /* jquery.mobile-1.2.0-rc.2.min.js */ = {isa = PBXFileReference; fileEncoding = 4; lastKnownFileType = sourcecode.javascript; path = "jquery.mobile-1.2.0-rc.2.min.js"; sourceTree = "<group>"; };
		503592B018C5D24D00E9F28F /* jquery.mobile-1.3.2.min.js */ = {isa = PBXFileReference; fileEncoding = 4; lastKnownFileType = sourcecode.javascript; path = "jquery.mobile-1.3.2.min.js"; sourceTree = "<group>"; };
		503592B118C5D24D00E9F28F /* klass.min.js */ = {isa = PBXFileReference; fileEncoding = 4; lastKnownFileType = sourcecode.javascript; path = klass.min.js; sourceTree = "<group>"; };
		503592B218C5D24D00E9F28F /* NocBible.js */ = {isa = PBXFileReference; fileEncoding = 4; lastKnownFileType = sourcecode.javascript; path = NocBible.js; sourceTree = "<group>"; };
		503592B318C5D24D00E9F28F /* phonegap.0.9.4.js */ = {isa = PBXFileReference; fileEncoding = 4; lastKnownFileType = sourcecode.javascript; path = phonegap.0.9.4.js; sourceTree = "<group>"; };
		503592BE18C5D27700E9F28F /* 9.png */ = {isa = PBXFileReference; lastKnownFileType = image.png; path = 9.png; sourceTree = "<group>"; };
		503592BF18C5D27700E9F28F /* 16.png */ = {isa = PBXFileReference; lastKnownFileType = image.png; path = 16.png; sourceTree = "<group>"; };
		503592C018C5D27700E9F28F /* 25.png */ = {isa = PBXFileReference; lastKnownFileType = image.png; path = 25.png; sourceTree = "<group>"; };
		503592C118C5D27700E9F28F /* 36.png */ = {isa = PBXFileReference; lastKnownFileType = image.png; path = 36.png; sourceTree = "<group>"; };
		503592C318C5D27700E9F28F /* 64.png */ = {isa = PBXFileReference; lastKnownFileType = image.png; path = 64.png; sourceTree = "<group>"; };
		503592C418C5D27700E9F28F /* 81.png */ = {isa = PBXFileReference; lastKnownFileType = image.png; path = 81.png; sourceTree = "<group>"; };
		503592C518C5D27700E9F28F /* 100.png */ = {isa = PBXFileReference; lastKnownFileType = image.png; path = 100.png; sourceTree = "<group>"; };
		503592C618C5D27700E9F28F /* 1536x2048.png */ = {isa = PBXFileReference; lastKnownFileType = image.png; path = 1536x2048.png; sourceTree = "<group>"; };
		503592C718C5D27700E9F28F /* background.png */ = {isa = PBXFileReference; lastKnownFileType = image.png; path = background.png; sourceTree = "<group>"; };
		503592C818C5D27700E9F28F /* backhome.png */ = {isa = PBXFileReference; lastKnownFileType = image.png; path = backhome.png; sourceTree = "<group>"; };
		503592C918C5D27700E9F28F /* blogicon.png */ = {isa = PBXFileReference; lastKnownFileType = image.png; path = blogicon.png; sourceTree = "<group>"; };
		503592CB18C5D27700E9F28F /* corpimg.png */ = {isa = PBXFileReference; lastKnownFileType = image.png; path = corpimg.png; sourceTree = "<group>"; };
		503592CC18C5D27700E9F28F /* Default-568h@2x.png */ = {isa = PBXFileReference; lastKnownFileType = image.png; path = "Default-568h@2x.png"; sourceTree = "<group>"; };
		503592CD18C5D27700E9F28F /* Default-Landscape-1024@2x~ipad.png */ = {isa = PBXFileReference; lastKnownFileType = image.png; path = "Default-Landscape-1024@2x~ipad.png"; sourceTree = "<group>"; };
		503592CE18C5D27700E9F28F /* Default-Landscape-1024~ipad.png */ = {isa = PBXFileReference; lastKnownFileType = image.png; path = "Default-Landscape-1024~ipad.png"; sourceTree = "<group>"; };
		503592CF18C5D27700E9F28F /* Default-Landscape@2x~ipad.png */ = {isa = PBXFileReference; lastKnownFileType = image.png; path = "Default-Landscape@2x~ipad.png"; sourceTree = "<group>"; };
		503592D018C5D27700E9F28F /* Default-Landscape~ipad.png */ = {isa = PBXFileReference; lastKnownFileType = image.png; path = "Default-Landscape~ipad.png"; sourceTree = "<group>"; };
		503592D118C5D27700E9F28F /* Default-Portrait-1024@2x~ipad.png */ = {isa = PBXFileReference; lastKnownFileType = image.png; path = "Default-Portrait-1024@2x~ipad.png"; sourceTree = "<group>"; };
		503592D218C5D27700E9F28F /* Default-Portrait-1024~ipad.png */ = {isa = PBXFileReference; lastKnownFileType = image.png; path = "Default-Portrait-1024~ipad.png"; sourceTree = "<group>"; };
		503592D318C5D27700E9F28F /* Default-Portrait@2x~ipad.png */ = {isa = PBXFileReference; lastKnownFileType = image.png; path = "Default-Portrait@2x~ipad.png"; sourceTree = "<group>"; };
		503592D418C5D27700E9F28F /* Default-Portrait~ipad.png */ = {isa = PBXFileReference; lastKnownFileType = image.png; path = "Default-Portrait~ipad.png"; sourceTree = "<group>"; };
		503592D518C5D27700E9F28F /* Default.png */ = {isa = PBXFileReference; lastKnownFileType = image.png; path = Default.png; sourceTree = "<group>"; };
		503592D618C5D27700E9F28F /* Default~iphone.png */ = {isa = PBXFileReference; lastKnownFileType = image.png; path = "Default~iphone.png"; sourceTree = "<group>"; };
		503592D718C5D27700E9F28F /* facebookicon.png */ = {isa = PBXFileReference; lastKnownFileType = image.png; path = facebookicon.png; sourceTree = "<group>"; };
		503592D818C5D27700E9F28F /* favorite_ico.png */ = {isa = PBXFileReference; lastKnownFileType = image.png; path = favorite_ico.png; sourceTree = "<group>"; };
		503592D918C5D27700E9F28F /* flickricon.png */ = {isa = PBXFileReference; lastKnownFileType = image.png; path = flickricon.png; sourceTree = "<group>"; };
		503592DA18C5D27700E9F28F /* gameimg.png */ = {isa = PBXFileReference; lastKnownFileType = image.png; path = gameimg.png; sourceTree = "<group>"; };
		503592DB18C5D27700E9F28F /* gameimg2.png */ = {isa = PBXFileReference; lastKnownFileType = image.png; path = gameimg2.png; sourceTree = "<group>"; };
		503592DC18C5D27700E9F28F /* home_ico.png */ = {isa = PBXFileReference; lastKnownFileType = image.png; path = home_ico.png; sourceTree = "<group>"; };
		503592DD18C5D27700E9F28F /* home_ico18.png */ = {isa = PBXFileReference; lastKnownFileType = image.png; path = home_ico18.png; sourceTree = "<group>"; };
		503592DE18C5D27700E9F28F /* icons-18-black.png */ = {isa = PBXFileReference; lastKnownFileType = image.png; path = "icons-18-black.png"; sourceTree = "<group>"; };
		503592DF18C5D27700E9F28F /* icons-18-white.png */ = {isa = PBXFileReference; lastKnownFileType = image.png; path = "icons-18-white.png"; sourceTree = "<group>"; };
		503592E018C5D27700E9F28F /* icons-36-black.png */ = {isa = PBXFileReference; lastKnownFileType = image.png; path = "icons-36-black.png"; sourceTree = "<group>"; };
		503592E118C5D27700E9F28F /* icons-36-white.png */ = {isa = PBXFileReference; lastKnownFileType = image.png; path = "icons-36-white.png"; sourceTree = "<group>"; };
		503592E218C5D27700E9F28F /* icons.png */ = {isa = PBXFileReference; lastKnownFileType = image.png; path = icons.png; sourceTree = "<group>"; };
		503592E318C5D27700E9F28F /* icons@2x.png */ = {isa = PBXFileReference; lastKnownFileType = image.png; path = "icons@2x.png"; sourceTree = "<group>"; };
		503592E418C5D27700E9F28F /* info.png */ = {isa = PBXFileReference; lastKnownFileType = image.png; path = info.png; sourceTree = "<group>"; };
		503592E518C5D27700E9F28F /* info2.png */ = {isa = PBXFileReference; lastKnownFileType = image.png; path = info2.png; sourceTree = "<group>"; };
		503592E618C5D27700E9F28F /* logo_noc.png */ = {isa = PBXFileReference; lastKnownFileType = image.png; path = logo_noc.png; sourceTree = "<group>"; };
		503592E718C5D27700E9F28F /* noc_camera_bible.png */ = {isa = PBXFileReference; lastKnownFileType = image.png; path = noc_camera_bible.png; sourceTree = "<group>"; };
		503592E818C5D27700E9F28F /* obiettivimg.png */ = {isa = PBXFileReference; lastKnownFileType = image.png; path = obiettivimg.png; sourceTree = "<group>"; };
		503592E918C5D27700E9F28F /* otherpics_ico.png */ = {isa = PBXFileReference; lastKnownFileType = image.png; path = otherpics_ico.png; sourceTree = "<group>"; };
		503592EA18C5D27700E9F28F /* otherpics_ico18.png */ = {isa = PBXFileReference; lastKnownFileType = image.png; path = otherpics_ico18.png; sourceTree = "<group>"; };
		503592EB18C5D27700E9F28F /* page.png */ = {isa = PBXFileReference; lastKnownFileType = image.png; path = page.png; sourceTree = "<group>"; };
		503592EC18C5D27700E9F28F /* share_ico.png */ = {isa = PBXFileReference; lastKnownFileType = image.png; path = share_ico.png; sourceTree = "<group>"; };
		503592ED18C5D27700E9F28F /* share_ico18.png */ = {isa = PBXFileReference; lastKnownFileType = image.png; path = share_ico18.png; sourceTree = "<group>"; };
		503592EE18C5D27700E9F28F /* sharefacebook.png */ = {isa = PBXFileReference; lastKnownFileType = image.png; path = sharefacebook.png; sourceTree = "<group>"; };
		503592EF18C5D27700E9F28F /* sharegoogle.png */ = {isa = PBXFileReference; lastKnownFileType = image.png; path = sharegoogle.png; sourceTree = "<group>"; };
		503592F018C5D27700E9F28F /* twittericon.png */ = {isa = PBXFileReference; lastKnownFileType = image.png; path = twittericon.png; sourceTree = "<group>"; };
		503592F118C5D27700E9F28F /* accessorio.jpg */ = {isa = PBXFileReference; lastKnownFileType = image.jpeg; path = accessorio.jpg; sourceTree = "<group>"; };
		503592F218C5D27700E9F28F /* accessorio2.jpg */ = {isa = PBXFileReference; lastKnownFileType = image.jpeg; path = accessorio2.jpg; sourceTree = "<group>"; };
		503592F318C5D27700E9F28F /* corpo.jpg */ = {isa = PBXFileReference; lastKnownFileType = image.jpeg; path = corpo.jpg; sourceTree = "<group>"; };
		503592F418C5D27700E9F28F /* corpo2.jpg */ = {isa = PBXFileReference; lastKnownFileType = image.jpeg; path = corpo2.jpg; sourceTree = "<group>"; };
		503592F518C5D27700E9F28F /* corpo3.jpg */ = {isa = PBXFileReference; lastKnownFileType = image.jpeg; path = corpo3.jpg; sourceTree = "<group>"; };
		503592F618C5D27700E9F28F /* corpo4.jpg */ = {isa = PBXFileReference; lastKnownFileType = image.jpeg; path = corpo4.jpg; sourceTree = "<group>"; };
		503592F718C5D27700E9F28F /* corpo5.jpg */ = {isa = PBXFileReference; lastKnownFileType = image.jpeg; path = corpo5.jpg; sourceTree = "<group>"; };
		503592F818C5D27700E9F28F /* corpo6.jpg */ = {isa = PBXFileReference; lastKnownFileType = image.jpeg; path = corpo6.jpg; sourceTree = "<group>"; };
		503592F918C5D27700E9F28F /* NN1228_DSCN7197.jpg */ = {isa = PBXFileReference; lastKnownFileType = image.jpeg; path = NN1228_DSCN7197.jpg; sourceTree = "<group>"; };
		503592FA18C5D27700E9F28F /* NN1596_DSCN0853.jpg */ = {isa = PBXFileReference; lastKnownFileType = image.jpeg; path = NN1596_DSCN0853.jpg; sourceTree = "<group>"; };
		503592FB18C5D27700E9F28F /* obi1.jpg */ = {isa = PBXFileReference; lastKnownFileType = image.jpeg; path = obi1.jpg; sourceTree = "<group>"; };
		503592FC18C5D27700E9F28F /* obi2.jpg */ = {isa = PBXFileReference; lastKnownFileType = image.jpeg; path = obi2.jpg; sourceTree = "<group>"; };
		503592FD18C5D27700E9F28F /* obi3.jpg */ = {isa = PBXFileReference; lastKnownFileType = image.jpeg; path = obi3.jpg; sourceTree = "<group>"; };
		503592FE18C5D27700E9F28F /* obiettivo.jpg */ = {isa = PBXFileReference; lastKnownFileType = image.jpeg; path = obiettivo.jpg; sourceTree = "<group>"; };
		503592FF18C5D27700E9F28F /* obiettivo1.jpg */ = {isa = PBXFileReference; lastKnownFileType = image.jpeg; path = obiettivo1.jpg; sourceTree = "<group>"; };
		5035930018C5D27700E9F28F /* obiettivo2.jpg */ = {isa = PBXFileReference; lastKnownFileType = image.jpeg; path = obiettivo2.jpg; sourceTree = "<group>"; };
		5035930118C5D27700E9F28F /* obiettivo3.jpg */ = {isa = PBXFileReference; lastKnownFileType = image.jpeg; path = obiettivo3.jpg; sourceTree = "<group>"; };
		5035930218C5D27700E9F28F /* ajax-loader.gif */ = {isa = PBXFileReference; lastKnownFileType = image.gif; path = "ajax-loader.gif"; sourceTree = "<group>"; };
		5035930318C5D27700E9F28F /* codecomputerlovelogo.gif */ = {isa = PBXFileReference; lastKnownFileType = image.gif; path = codecomputerlovelogo.gif; sourceTree = "<group>"; };
		5035930418C5D27700E9F28F /* error.gif */ = {isa = PBXFileReference; lastKnownFileType = image.gif; path = error.gif; sourceTree = "<group>"; };
		5035930518C5D27700E9F28F /* loader.gif */ = {isa = PBXFileReference; lastKnownFileType = image.gif; path = loader.gif; sourceTree = "<group>"; };
		5035930618C5D27700E9F28F /* corpo.html */ = {isa = PBXFileReference; fileEncoding = 4; lastKnownFileType = text.html; path = corpo.html; sourceTree = "<group>"; };
		5035930718C5D27700E9F28F /* immagini.html */ = {isa = PBXFileReference; fileEncoding = 4; lastKnownFileType = text.html; path = immagini.html; sourceTree = "<group>"; };
		5035930818C5D27700E9F28F /* immaginiOB.html */ = {isa = PBXFileReference; fileEncoding = 4; lastKnownFileType = text.html; path = immaginiOB.html; sourceTree = "<group>"; };
		5035930918C5D27700E9F28F /* info.html */ = {isa = PBXFileReference; fileEncoding = 4; lastKnownFileType = text.html; path = info.html; sourceTree = "<group>"; };
		5035930A18C5D27700E9F28F /* NocBible.html */ = {isa = PBXFileReference; fileEncoding = 4; lastKnownFileType = text.html; path = NocBible.html; sourceTree = "<group>"; };
		5035930B18C5D27700E9F28F /* NocGame.html */ = {isa = PBXFileReference; fileEncoding = 4; lastKnownFileType = text.html; path = NocGame.html; sourceTree = "<group>"; };
		5035930C18C5D27700E9F28F /* obiettivo.html */ = {isa = PBXFileReference; fileEncoding = 4; lastKnownFileType = text.html; path = obiettivo.html; sourceTree = "<group>"; };
		5035930D18C5D27700E9F28F /* gioco.css */ = {isa = PBXFileReference; fileEncoding = 4; lastKnownFileType = text.css; path = gioco.css; sourceTree = "<group>"; };
		5035930E18C5D27700E9F28F /* imot.css */ = {isa = PBXFileReference; fileEncoding = 4; lastKnownFileType = text.css; path = imot.css; sourceTree = "<group>"; };
		5035930F18C5D27800E9F28F /* imot.min.css */ = {isa = PBXFileReference; fileEncoding = 4; lastKnownFileType = text.css; path = imot.min.css; sourceTree = "<group>"; };
		5035931018C5D27800E9F28F /* jquery-mobile.css */ = {isa = PBXFileReference; fileEncoding = 4; lastKnownFileType = text.css; path = "jquery-mobile.css"; sourceTree = "<group>"; };
		5035931118C5D27800E9F28F /* jquery.mobile-1.0.1.min.css */ = {isa = PBXFileReference; fileEncoding = 4; lastKnownFileType = text.css; path = "jquery.mobile-1.0.1.min.css"; sourceTree = "<group>"; };
		5035931218C5D27800E9F28F /* jquery.mobile-1.2.0-rc.2.min.css */ = {isa = PBXFileReference; fileEncoding = 4; lastKnownFileType = text.css; path = "jquery.mobile-1.2.0-rc.2.min.css"; sourceTree = "<group>"; };
		5035931318C5D27800E9F28F /* photoswipe.css */ = {isa = PBXFileReference; fileEncoding = 4; lastKnownFileType = text.css; path = photoswipe.css; sourceTree = "<group>"; };
		5035931418C5D27800E9F28F /* styles.css */ = {isa = PBXFileReference; fileEncoding = 4; lastKnownFileType = text.css; path = styles.css; sourceTree = "<group>"; };
		5035931518C5D27800E9F28F /* NocBible.asmx */ = {isa = PBXFileReference; fileEncoding = 4; lastKnownFileType = text; path = NocBible.asmx; sourceTree = "<group>"; };
		5035931618C5D27800E9F28F /* code.photoswipe-3.0.5.min.js.map */ = {isa = PBXFileReference; fileEncoding = 4; lastKnownFileType = text; path = "code.photoswipe-3.0.5.min.js.map"; sourceTree = "<group>"; };
		5035937018C5D4BC00E9F28F /* left_1x.png */ = {isa = PBXFileReference; lastKnownFileType = image.png; path = left_1x.png; sourceTree = "<group>"; };
		5035937118C5D4BC00E9F28F /* left_2x.png */ = {isa = PBXFileReference; lastKnownFileType = image.png; path = left_2x.png; sourceTree = "<group>"; };
		5035937418C5D53800E9F28F /* right_1x.png */ = {isa = PBXFileReference; lastKnownFileType = image.png; path = right_1x.png; sourceTree = "<group>"; };
		5035937518C5D53800E9F28F /* right_2x.png */ = {isa = PBXFileReference; lastKnownFileType = image.png; path = right_2x.png; sourceTree = "<group>"; };
		5076B99717F59393008D2F26 /* Reachability.h */ = {isa = PBXFileReference; lastKnownFileType = sourcecode.c.h; path = Reachability.h; sourceTree = "<group>"; };
		5076B99817F5939B008D2F26 /* Reachability.m */ = {isa = PBXFileReference; fileEncoding = 4; lastKnownFileType = sourcecode.c.objc; path = Reachability.m; sourceTree = "<group>"; };
		5076B99A17F594A8008D2F26 /* SystemConfiguration.framework */ = {isa = PBXFileReference; lastKnownFileType = wrapper.framework; name = SystemConfiguration.framework; path = System/Library/Frameworks/SystemConfiguration.framework; sourceTree = SDKROOT; };
		50C8236E17F4845B001BEFA7 /* NocBible.app */ = {isa = PBXFileReference; explicitFileType = wrapper.application; includeInIndex = 0; path = NocBible.app; sourceTree = BUILT_PRODUCTS_DIR; };
		50C8237117F4845B001BEFA7 /* Foundation.framework */ = {isa = PBXFileReference; lastKnownFileType = wrapper.framework; name = Foundation.framework; path = System/Library/Frameworks/Foundation.framework; sourceTree = SDKROOT; };
		50C8237317F4845B001BEFA7 /* CoreGraphics.framework */ = {isa = PBXFileReference; lastKnownFileType = wrapper.framework; name = CoreGraphics.framework; path = System/Library/Frameworks/CoreGraphics.framework; sourceTree = SDKROOT; };
		50C8237517F4845B001BEFA7 /* UIKit.framework */ = {isa = PBXFileReference; lastKnownFileType = wrapper.framework; name = UIKit.framework; path = System/Library/Frameworks/UIKit.framework; sourceTree = SDKROOT; };
		50C8237917F4845B001BEFA7 /* NocBible-Info.plist */ = {isa = PBXFileReference; lastKnownFileType = text.plist.xml; path = "NocBible-Info.plist"; sourceTree = "<group>"; };
		50C8237B17F4845B001BEFA7 /* en */ = {isa = PBXFileReference; lastKnownFileType = text.plist.strings; name = en; path = en.lproj/InfoPlist.strings; sourceTree = "<group>"; };
		50C8237D17F4845B001BEFA7 /* main.m */ = {isa = PBXFileReference; lastKnownFileType = sourcecode.c.objc; path = main.m; sourceTree = "<group>"; };
		50C8237F17F4845B001BEFA7 /* NocBible-Prefix.pch */ = {isa = PBXFileReference; lastKnownFileType = sourcecode.c.h; path = "NocBible-Prefix.pch"; sourceTree = "<group>"; };
		50C8238017F4845B001BEFA7 /* AppDelegate.h */ = {isa = PBXFileReference; lastKnownFileType = sourcecode.c.h; path = AppDelegate.h; sourceTree = "<group>"; };
		50C8238117F4845B001BEFA7 /* AppDelegate.m */ = {isa = PBXFileReference; lastKnownFileType = sourcecode.c.objc; path = AppDelegate.m; sourceTree = "<group>"; };
		50C8238917F4845B001BEFA7 /* ViewController.h */ = {isa = PBXFileReference; lastKnownFileType = sourcecode.c.h; path = ViewController.h; sourceTree = "<group>"; };
		50C8238A17F4845B001BEFA7 /* ViewController.m */ = {isa = PBXFileReference; lastKnownFileType = sourcecode.c.objc; path = ViewController.m; sourceTree = "<group>"; };
		50C8238C17F4845B001BEFA7 /* Images.xcassets */ = {isa = PBXFileReference; lastKnownFileType = folder.assetcatalog; path = Images.xcassets; sourceTree = "<group>"; };
		50C8239217F4845B001BEFA7 /* NocBibleTests.xctest */ = {isa = PBXFileReference; explicitFileType = wrapper.cfbundle; includeInIndex = 0; path = NocBibleTests.xctest; sourceTree = BUILT_PRODUCTS_DIR; };
		50C8239317F4845B001BEFA7 /* XCTest.framework */ = {isa = PBXFileReference; lastKnownFileType = wrapper.framework; name = XCTest.framework; path = Library/Frameworks/XCTest.framework; sourceTree = DEVELOPER_DIR; };
		50C8239B17F4845B001BEFA7 /* NocBibleTests-Info.plist */ = {isa = PBXFileReference; lastKnownFileType = text.plist.xml; path = "NocBibleTests-Info.plist"; sourceTree = "<group>"; };
		50C8239D17F4845B001BEFA7 /* en */ = {isa = PBXFileReference; lastKnownFileType = text.plist.strings; name = en; path = en.lproj/InfoPlist.strings; sourceTree = "<group>"; };
		50C8239F17F4845B001BEFA7 /* NocBibleTests.m */ = {isa = PBXFileReference; lastKnownFileType = sourcecode.c.objc; path = NocBibleTests.m; sourceTree = "<group>"; };
		652389BF1833D670009ED99D /* Default-568h@2x.png */ = {isa = PBXFileReference; lastKnownFileType = image.png; path = "Default-568h@2x.png"; sourceTree = "<group>"; };
		652389C01833D670009ED99D /* Default-Landscape-1024@2x~ipad.png */ = {isa = PBXFileReference; lastKnownFileType = image.png; path = "Default-Landscape-1024@2x~ipad.png"; sourceTree = "<group>"; };
		652389C11833D670009ED99D /* Default-Landscape-1024~ipad.png */ = {isa = PBXFileReference; lastKnownFileType = image.png; path = "Default-Landscape-1024~ipad.png"; sourceTree = "<group>"; };
		652389C21833D670009ED99D /* Default-Landscape@2x~ipad.png */ = {isa = PBXFileReference; lastKnownFileType = image.png; path = "Default-Landscape@2x~ipad.png"; sourceTree = "<group>"; };
		652389C31833D670009ED99D /* Default-Landscape~ipad.png */ = {isa = PBXFileReference; lastKnownFileType = image.png; path = "Default-Landscape~ipad.png"; sourceTree = "<group>"; };
		652389C41833D670009ED99D /* Default-Portrait-1024@2x~ipad.png */ = {isa = PBXFileReference; lastKnownFileType = image.png; path = "Default-Portrait-1024@2x~ipad.png"; sourceTree = "<group>"; };
		652389C51833D670009ED99D /* Default-Portrait-1024~ipad.png */ = {isa = PBXFileReference; lastKnownFileType = image.png; path = "Default-Portrait-1024~ipad.png"; sourceTree = "<group>"; };
		652389C61833D670009ED99D /* Default-Portrait@2x~ipad.png */ = {isa = PBXFileReference; lastKnownFileType = image.png; path = "Default-Portrait@2x~ipad.png"; sourceTree = "<group>"; };
		652389C71833D670009ED99D /* Default-Portrait~ipad.png */ = {isa = PBXFileReference; lastKnownFileType = image.png; path = "Default-Portrait~ipad.png"; sourceTree = "<group>"; };
		652389C81833D670009ED99D /* Default.png */ = {isa = PBXFileReference; lastKnownFileType = image.png; path = Default.png; sourceTree = "<group>"; };
		652389C91833D670009ED99D /* Default~iphone.png */ = {isa = PBXFileReference; lastKnownFileType = image.png; path = "Default~iphone.png"; sourceTree = "<group>"; };
		6581D70218C7252900506026 /* NocGame2.html */ = {isa = PBXFileReference; fileEncoding = 4; lastKnownFileType = text.html; path = NocGame2.html; sourceTree = "<group>"; };
		6581D70418C7253000506026 /* congratulation2.png */ = {isa = PBXFileReference; lastKnownFileType = image.png; path = congratulation2.png; sourceTree = "<group>"; };
		6581D70618C7253700506026 /* corpoip.jpg */ = {isa = PBXFileReference; lastKnownFileType = image.jpeg; path = corpoip.jpg; sourceTree = "<group>"; };
		6581D70818C7253D00506026 /* corpo22.jpg */ = {isa = PBXFileReference; lastKnownFileType = image.jpeg; path = corpo22.jpg; sourceTree = "<group>"; };
		6581D70A18C7254200506026 /* corpo33.jpg */ = {isa = PBXFileReference; lastKnownFileType = image.jpeg; path = corpo33.jpg; sourceTree = "<group>"; };
		6581D70C18C7254700506026 /* corpo44.jpg */ = {isa = PBXFileReference; lastKnownFileType = image.jpeg; path = corpo44.jpg; sourceTree = "<group>"; };
		6581D70E18C7254C00506026 /* corpo55.jpg */ = {isa = PBXFileReference; lastKnownFileType = image.jpeg; path = corpo55.jpg; sourceTree = "<group>"; };
		6581D71018C7255100506026 /* corpo66.jpg */ = {isa = PBXFileReference; lastKnownFileType = image.jpeg; path = corpo66.jpg; sourceTree = "<group>"; };
		6581D71218C7255600506026 /* obi11.jpg */ = {isa = PBXFileReference; lastKnownFileType = image.jpeg; path = obi11.jpg; sourceTree = "<group>"; };
		6581D71418C7255C00506026 /* obi22.jpg */ = {isa = PBXFileReference; lastKnownFileType = image.jpeg; path = obi22.jpg; sourceTree = "<group>"; };
		6581D71618C7256100506026 /* obi33.jpg */ = {isa = PBXFileReference; lastKnownFileType = image.jpeg; path = obi33.jpg; sourceTree = "<group>"; };
		6581D71818C7258E00506026 /* congratulation.png */ = {isa = PBXFileReference; lastKnownFileType = image.png; path = congratulation.png; sourceTree = "<group>"; };
		6581D71D18C72FBF00506026 /* PuzzleGameIPhone.h */ = {isa = PBXFileReference; fileEncoding = 4; lastKnownFileType = sourcecode.c.h; path = PuzzleGameIPhone.h; sourceTree = "<group>"; };
		6581D71E18C72FBF00506026 /* PuzzleGameIPhone.m */ = {isa = PBXFileReference; fileEncoding = 4; lastKnownFileType = sourcecode.c.objc; path = PuzzleGameIPhone.m; sourceTree = "<group>"; };
		65F61B2618C5E99300CCB5B7 /* 49.png */ = {isa = PBXFileReference; lastKnownFileType = image.png; path = 49.png; sourceTree = "<group>"; };
/* End PBXFileReference section */

/* Begin PBXFrameworksBuildPhase section */
		50C8236B17F4845B001BEFA7 /* Frameworks */ = {
			isa = PBXFrameworksBuildPhase;
			buildActionMask = 2147483647;
			files = (
				503592A418C5D08F00E9F28F /* libz.dylib in Frameworks */,
				503592A218C5D07F00E9F28F /* QuartzCore.framework in Frameworks */,
				503592A018C5D06900E9F28F /* MessageUI.framework in Frameworks */,
				5035929E18C5D05E00E9F28F /* Social.framework in Frameworks */,
				5076B99B17F594A8008D2F26 /* SystemConfiguration.framework in Frameworks */,
				50C8237417F4845B001BEFA7 /* CoreGraphics.framework in Frameworks */,
				50C8237617F4845B001BEFA7 /* UIKit.framework in Frameworks */,
				50C8237217F4845B001BEFA7 /* Foundation.framework in Frameworks */,
			);
			runOnlyForDeploymentPostprocessing = 0;
		};
		50C8238F17F4845B001BEFA7 /* Frameworks */ = {
			isa = PBXFrameworksBuildPhase;
			buildActionMask = 2147483647;
			files = (
				50C8239417F4845B001BEFA7 /* XCTest.framework in Frameworks */,
				50C8239617F4845B001BEFA7 /* UIKit.framework in Frameworks */,
				50C8239517F4845B001BEFA7 /* Foundation.framework in Frameworks */,
			);
			runOnlyForDeploymentPostprocessing = 0;
		};
/* End PBXFrameworksBuildPhase section */

/* Begin PBXGroup section */
		5035926D18C5CE2600E9F28F /* Carousel */ = {
			isa = PBXGroup;
			children = (
				5035926A18C5CE2100E9F28F /* iCarousel.h */,
				5035926B18C5CE2100E9F28F /* iCarousel.m */,
			);
			name = Carousel;
			sourceTree = "<group>";
		};
		5035927118C5CE6600E9F28F /* cGestWebServices */ = {
			isa = PBXGroup;
			children = (
				5035926E18C5CE6100E9F28F /* cGestService.h */,
				5035926F18C5CE6100E9F28F /* cGestService.m */,
			);
			name = cGestWebServices;
			sourceTree = "<group>";
		};
		5035927818C5CE9B00E9F28F /* TBXML */ = {
			isa = PBXGroup;
			children = (
				5035927418C5CE9200E9F28F /* TBXML.h */,
				5035927518C5CE9200E9F28F /* TBXML.m */,
				5035927218C5CE9200E9F28F /* NSDataAdditions.h */,
				5035927318C5CE9200E9F28F /* NSDataAdditions.m */,
			);
			name = TBXML;
			sourceTree = "<group>";
		};
		5035927F18C5CED400E9F28F /* Logica */ = {
			isa = PBXGroup;
			children = (
				5035927918C5CEC700E9F28F /* cElencoArticoli.h */,
				5035927A18C5CEC700E9F28F /* cElencoArticoli.m */,
				5035927B18C5CEC700E9F28F /* Articolo.h */,
				5035927C18C5CEC700E9F28F /* Articolo.m */,
			);
			name = Logica;
			sourceTree = "<group>";
		};
		5035928318C5CF0200E9F28F /* MBProgressHUD */ = {
			isa = PBXGroup;
			children = (
				5035928018C5CEFC00E9F28F /* MBProgressHUD.h */,
				5035928118C5CEFC00E9F28F /* MBProgressHUD.m */,
			);
			name = MBProgressHUD;
			sourceTree = "<group>";
		};
		503592A718C5D22000E9F28F /* Resources */ = {
			isa = PBXGroup;
			children = (
				5035937418C5D53800E9F28F /* right_1x.png */,
				5035937518C5D53800E9F28F /* right_2x.png */,
				5035937018C5D4BC00E9F28F /* left_1x.png */,
				5035937118C5D4BC00E9F28F /* left_2x.png */,
				503592BE18C5D27700E9F28F /* 9.png */,
				503592BF18C5D27700E9F28F /* 16.png */,
				503592C018C5D27700E9F28F /* 25.png */,
				65F61B2618C5E99300CCB5B7 /* 49.png */,
				503592C118C5D27700E9F28F /* 36.png */,
				503592C318C5D27700E9F28F /* 64.png */,
				503592C418C5D27700E9F28F /* 81.png */,
				6581D71818C7258E00506026 /* congratulation.png */,
				503592C518C5D27700E9F28F /* 100.png */,
				6581D70418C7253000506026 /* congratulation2.png */,
				6581D70218C7252900506026 /* NocGame2.html */,
				6581D71218C7255600506026 /* obi11.jpg */,
				6581D70618C7253700506026 /* corpoip.jpg */,
				6581D70E18C7254C00506026 /* corpo55.jpg */,
				6581D71018C7255100506026 /* corpo66.jpg */,
				6581D70A18C7254200506026 /* corpo33.jpg */,
				6581D71418C7255C00506026 /* obi22.jpg */,
				6581D71618C7256100506026 /* obi33.jpg */,
				503592C618C5D27700E9F28F /* 1536x2048.png */,
				503592C718C5D27700E9F28F /* background.png */,
				6581D70C18C7254700506026 /* corpo44.jpg */,
				6581D70818C7253D00506026 /* corpo22.jpg */,
				503592C818C5D27700E9F28F /* backhome.png */,
				503592C918C5D27700E9F28F /* blogicon.png */,
				503592CB18C5D27700E9F28F /* corpimg.png */,
				503592CC18C5D27700E9F28F /* Default-568h@2x.png */,
				503592CD18C5D27700E9F28F /* Default-Landscape-1024@2x~ipad.png */,
				503592CE18C5D27700E9F28F /* Default-Landscape-1024~ipad.png */,
				503592CF18C5D27700E9F28F /* Default-Landscape@2x~ipad.png */,
				503592D018C5D27700E9F28F /* Default-Landscape~ipad.png */,
				503592D118C5D27700E9F28F /* Default-Portrait-1024@2x~ipad.png */,
				503592D218C5D27700E9F28F /* Default-Portrait-1024~ipad.png */,
				503592D318C5D27700E9F28F /* Default-Portrait@2x~ipad.png */,
				503592D418C5D27700E9F28F /* Default-Portrait~ipad.png */,
				503592D518C5D27700E9F28F /* Default.png */,
				503592D618C5D27700E9F28F /* Default~iphone.png */,
				503592D718C5D27700E9F28F /* facebookicon.png */,
				503592D818C5D27700E9F28F /* favorite_ico.png */,
				503592D918C5D27700E9F28F /* flickricon.png */,
				503592DA18C5D27700E9F28F /* gameimg.png */,
				503592DB18C5D27700E9F28F /* gameimg2.png */,
				503592DC18C5D27700E9F28F /* home_ico.png */,
				503592DD18C5D27700E9F28F /* home_ico18.png */,
				503592DE18C5D27700E9F28F /* icons-18-black.png */,
				503592DF18C5D27700E9F28F /* icons-18-white.png */,
				503592E018C5D27700E9F28F /* icons-36-black.png */,
				503592E118C5D27700E9F28F /* icons-36-white.png */,
				503592E218C5D27700E9F28F /* icons.png */,
				503592E318C5D27700E9F28F /* icons@2x.png */,
				503592E418C5D27700E9F28F /* info.png */,
				503592E518C5D27700E9F28F /* info2.png */,
				503592E618C5D27700E9F28F /* logo_noc.png */,
				503592E718C5D27700E9F28F /* noc_camera_bible.png */,
				503592E818C5D27700E9F28F /* obiettivimg.png */,
				503592E918C5D27700E9F28F /* otherpics_ico.png */,
				503592EA18C5D27700E9F28F /* otherpics_ico18.png */,
				503592EB18C5D27700E9F28F /* page.png */,
				503592EC18C5D27700E9F28F /* share_ico.png */,
				503592ED18C5D27700E9F28F /* share_ico18.png */,
				503592EE18C5D27700E9F28F /* sharefacebook.png */,
				503592EF18C5D27700E9F28F /* sharegoogle.png */,
				503592F018C5D27700E9F28F /* twittericon.png */,
				503592F118C5D27700E9F28F /* accessorio.jpg */,
				503592F218C5D27700E9F28F /* accessorio2.jpg */,
				503592F318C5D27700E9F28F /* corpo.jpg */,
				503592F418C5D27700E9F28F /* corpo2.jpg */,
				503592F518C5D27700E9F28F /* corpo3.jpg */,
				503592F618C5D27700E9F28F /* corpo4.jpg */,
				503592F718C5D27700E9F28F /* corpo5.jpg */,
				503592F818C5D27700E9F28F /* corpo6.jpg */,
				503592F918C5D27700E9F28F /* NN1228_DSCN7197.jpg */,
				503592FA18C5D27700E9F28F /* NN1596_DSCN0853.jpg */,
				503592FB18C5D27700E9F28F /* obi1.jpg */,
				503592FC18C5D27700E9F28F /* obi2.jpg */,
				503592FD18C5D27700E9F28F /* obi3.jpg */,
				503592FE18C5D27700E9F28F /* obiettivo.jpg */,
				503592FF18C5D27700E9F28F /* obiettivo1.jpg */,
				5035930018C5D27700E9F28F /* obiettivo2.jpg */,
				5035930118C5D27700E9F28F /* obiettivo3.jpg */,
				5035930218C5D27700E9F28F /* ajax-loader.gif */,
				5035930318C5D27700E9F28F /* codecomputerlovelogo.gif */,
				5035930418C5D27700E9F28F /* error.gif */,
				5035930518C5D27700E9F28F /* loader.gif */,
				5035930618C5D27700E9F28F /* corpo.html */,
				5035930718C5D27700E9F28F /* immagini.html */,
				5035930818C5D27700E9F28F /* immaginiOB.html */,
				5035930918C5D27700E9F28F /* info.html */,
				5035930A18C5D27700E9F28F /* NocBible.html */,
				5035930B18C5D27700E9F28F /* NocGame.html */,
				5035930C18C5D27700E9F28F /* obiettivo.html */,
				5035930D18C5D27700E9F28F /* gioco.css */,
				5035930E18C5D27700E9F28F /* imot.css */,
				5035930F18C5D27800E9F28F /* imot.min.css */,
				5035931018C5D27800E9F28F /* jquery-mobile.css */,
				5035931118C5D27800E9F28F /* jquery.mobile-1.0.1.min.css */,
				5035931218C5D27800E9F28F /* jquery.mobile-1.2.0-rc.2.min.css */,
				5035931318C5D27800E9F28F /* photoswipe.css */,
				5035931418C5D27800E9F28F /* styles.css */,
				5035931518C5D27800E9F28F /* NocBible.asmx */,
				5035931618C5D27800E9F28F /* code.photoswipe-3.0.5.min.js.map */,
				503592AA18C5D24D00E9F28F /* code.photoswipe-3.0.5.min.js */,
				503592AB18C5D24D00E9F28F /* code.photoswipe.jquery-3.0.5.js */,
				503592AC18C5D24D00E9F28F /* code.photoswipe.jquery-3.0.5.min.js */,
				503592AD18C5D24D00E9F28F /* jquery-1.5.1.min.js */,
				503592AE18C5D24D00E9F28F /* jquery-1.9.1.min.js */,
				503592AF18C5D24D00E9F28F /* jquery.mobile-1.2.0-rc.2.min.js */,
				503592B018C5D24D00E9F28F /* jquery.mobile-1.3.2.min.js */,
				503592B118C5D24D00E9F28F /* klass.min.js */,
				503592B218C5D24D00E9F28F /* NocBible.js */,
				503592B318C5D24D00E9F28F /* phonegap.0.9.4.js */,
				503592A818C5D24500E9F28F /* code.photoswipe-3.0.5.js */,
			);
			name = Resources;
			sourceTree = "<group>";
		};
		50C8236517F4845B001BEFA7 = {
			isa = PBXGroup;
			children = (
				50C8237717F4845B001BEFA7 /* NocBible */,
				50C8239917F4845B001BEFA7 /* NocBibleTests */,
				50C8237017F4845B001BEFA7 /* Frameworks */,
				50C8236F17F4845B001BEFA7 /* Products */,
			);
			sourceTree = "<group>";
		};
		50C8236F17F4845B001BEFA7 /* Products */ = {
			isa = PBXGroup;
			children = (
				50C8236E17F4845B001BEFA7 /* NocBible.app */,
				50C8239217F4845B001BEFA7 /* NocBibleTests.xctest */,
			);
			name = Products;
			sourceTree = "<group>";
		};
		50C8237017F4845B001BEFA7 /* Frameworks */ = {
			isa = PBXGroup;
			children = (
				503592A318C5D08F00E9F28F /* libz.dylib */,
				503592A118C5D07F00E9F28F /* QuartzCore.framework */,
				5035929F18C5D06900E9F28F /* MessageUI.framework */,
				5035929D18C5D05E00E9F28F /* Social.framework */,
				5076B99A17F594A8008D2F26 /* SystemConfiguration.framework */,
				50C8237117F4845B001BEFA7 /* Foundation.framework */,
				50C8237317F4845B001BEFA7 /* CoreGraphics.framework */,
				50C8237517F4845B001BEFA7 /* UIKit.framework */,
				50C8239317F4845B001BEFA7 /* XCTest.framework */,
			);
			name = Frameworks;
			sourceTree = "<group>";
		};
		50C8237717F4845B001BEFA7 /* NocBible */ = {
			isa = PBXGroup;
			children = (
				503592A718C5D22000E9F28F /* Resources */,
				5035928318C5CF0200E9F28F /* MBProgressHUD */,
				5035927F18C5CED400E9F28F /* Logica */,
				5035927818C5CE9B00E9F28F /* TBXML */,
				5035927118C5CE6600E9F28F /* cGestWebServices */,
				5035926D18C5CE2600E9F28F /* Carousel */,
				652DEC2B1806FF9700A6A878 /* icone_launch */,
				5076B99717F59393008D2F26 /* Reachability.h */,
				501FF58518C5ECA8001AABCC /* Preferenze.h */,
				501FF58618C5ECA8001AABCC /* Preferenze.m */,
				6581D71D18C72FBF00506026 /* PuzzleGameIPhone.h */,
				6581D71E18C72FBF00506026 /* PuzzleGameIPhone.m */,
				5076B99817F5939B008D2F26 /* Reachability.m */,
				50C8238017F4845B001BEFA7 /* AppDelegate.h */,
				50C8238117F4845B001BEFA7 /* AppDelegate.m */,
				5035928718C5CFB400E9F28F /* PuzzleGame.h */,
				5035928818C5CFB400E9F28F /* PuzzleGame.m */,
				5035928D18C5CFE400E9F28F /* CopyrightViewController.h */,
				5035929018C5D00900E9F28F /* HomeViewController.m */,
				5035929118C5D00A00E9F28F /* HomeViewController.h */,
				5035928E18C5CFE400E9F28F /* CopyrightViewController.m */,
				5035928A18C5CFD000E9F28F /* DettagliCorpiViewController.h */,
				5035928B18C5CFD000E9F28F /* DettagliCorpiViewController.m */,
				5035929918C5D03E00E9F28F /* Main_iPhone.storyboard */,
				5035929B18C5D04700E9F28F /* Main_iPad.storyboard */,
				5035928418C5CF9100E9F28F /* SchedaCell.h */,
				5035928518C5CF9100E9F28F /* SchedaCell.m */,
				50C8238917F4845B001BEFA7 /* ViewController.h */,
				5035929318C5D01E00E9F28F /* DettagliObViewController.h */,
				5035929418C5D01E00E9F28F /* DettagliObViewController.m */,
				5035929618C5D02600E9F28F /* CorpiViewController.h */,
				5035929718C5D02600E9F28F /* CorpiViewController.m */,
				50C8238A17F4845B001BEFA7 /* ViewController.m */,
				50C8238C17F4845B001BEFA7 /* Images.xcassets */,
				50C8237817F4845B001BEFA7 /* Supporting Files */,
			);
			path = NocBible;
			sourceTree = "<group>";
		};
		50C8237817F4845B001BEFA7 /* Supporting Files */ = {
			isa = PBXGroup;
			children = (
				50C8237917F4845B001BEFA7 /* NocBible-Info.plist */,
				50C8237A17F4845B001BEFA7 /* InfoPlist.strings */,
				50C8237D17F4845B001BEFA7 /* main.m */,
				50C8237F17F4845B001BEFA7 /* NocBible-Prefix.pch */,
			);
			name = "Supporting Files";
			sourceTree = "<group>";
		};
		50C8239917F4845B001BEFA7 /* NocBibleTests */ = {
			isa = PBXGroup;
			children = (
				50C8239F17F4845B001BEFA7 /* NocBibleTests.m */,
				50C8239A17F4845B001BEFA7 /* Supporting Files */,
			);
			path = NocBibleTests;
			sourceTree = "<group>";
		};
		50C8239A17F4845B001BEFA7 /* Supporting Files */ = {
			isa = PBXGroup;
			children = (
				50C8239B17F4845B001BEFA7 /* NocBibleTests-Info.plist */,
				50C8239C17F4845B001BEFA7 /* InfoPlist.strings */,
			);
			name = "Supporting Files";
			sourceTree = "<group>";
		};
		652DEC2B1806FF9700A6A878 /* icone_launch */ = {
			isa = PBXGroup;
			children = (
				652389BF1833D670009ED99D /* Default-568h@2x.png */,
				652389C01833D670009ED99D /* Default-Landscape-1024@2x~ipad.png */,
				652389C11833D670009ED99D /* Default-Landscape-1024~ipad.png */,
				652389C21833D670009ED99D /* Default-Landscape@2x~ipad.png */,
				652389C31833D670009ED99D /* Default-Landscape~ipad.png */,
				652389C41833D670009ED99D /* Default-Portrait-1024@2x~ipad.png */,
				652389C51833D670009ED99D /* Default-Portrait-1024~ipad.png */,
				652389C61833D670009ED99D /* Default-Portrait@2x~ipad.png */,
				652389C71833D670009ED99D /* Default-Portrait~ipad.png */,
				652389C81833D670009ED99D /* Default.png */,
				652389C91833D670009ED99D /* Default~iphone.png */,
			);
			name = icone_launch;
			sourceTree = "<group>";
		};
/* End PBXGroup section */

/* Begin PBXNativeTarget section */
		50C8236D17F4845B001BEFA7 /* NocBible */ = {
			isa = PBXNativeTarget;
			buildConfigurationList = 50C823A317F4845C001BEFA7 /* Build configuration list for PBXNativeTarget "NocBible" */;
			buildPhases = (
				50C8236A17F4845B001BEFA7 /* Sources */,
				50C8236B17F4845B001BEFA7 /* Frameworks */,
				50C8236C17F4845B001BEFA7 /* Resources */,
			);
			buildRules = (
			);
			dependencies = (
			);
			name = NocBible;
			productName = NocBible;
			productReference = 50C8236E17F4845B001BEFA7 /* NocBible.app */;
			productType = "com.apple.product-type.application";
		};
		50C8239117F4845B001BEFA7 /* NocBibleTests */ = {
			isa = PBXNativeTarget;
			buildConfigurationList = 50C823A617F4845C001BEFA7 /* Build configuration list for PBXNativeTarget "NocBibleTests" */;
			buildPhases = (
				50C8238E17F4845B001BEFA7 /* Sources */,
				50C8238F17F4845B001BEFA7 /* Frameworks */,
				50C8239017F4845B001BEFA7 /* Resources */,
			);
			buildRules = (
			);
			dependencies = (
				50C8239817F4845B001BEFA7 /* PBXTargetDependency */,
			);
			name = NocBibleTests;
			productName = NocBibleTests;
			productReference = 50C8239217F4845B001BEFA7 /* NocBibleTests.xctest */;
			productType = "com.apple.product-type.bundle.unit-test";
		};
/* End PBXNativeTarget section */

/* Begin PBXProject section */
		50C8236617F4845B001BEFA7 /* Project object */ = {
			isa = PBXProject;
			attributes = {
				LastUpgradeCheck = 0500;
				ORGANIZATIONNAME = "Massimiliano Gorreri";
				TargetAttributes = {
					50C8236D17F4845B001BEFA7 = {
						DevelopmentTeam = U3CUZMFW6K;
					};
					50C8239117F4845B001BEFA7 = {
						TestTargetID = 50C8236D17F4845B001BEFA7;
					};
				};
			};
			buildConfigurationList = 50C8236917F4845B001BEFA7 /* Build configuration list for PBXProject "NocBible" */;
			compatibilityVersion = "Xcode 3.2";
			developmentRegion = English;
			hasScannedForEncodings = 0;
			knownRegions = (
				en,
				Base,
			);
			mainGroup = 50C8236517F4845B001BEFA7;
			productRefGroup = 50C8236F17F4845B001BEFA7 /* Products */;
			projectDirPath = "";
			projectRoot = "";
			targets = (
				50C8236D17F4845B001BEFA7 /* NocBible */,
				50C8239117F4845B001BEFA7 /* NocBibleTests */,
			);
		};
/* End PBXProject section */

/* Begin PBXResourcesBuildPhase section */
		50C8236C17F4845B001BEFA7 /* Resources */ = {
			isa = PBXResourcesBuildPhase;
			buildActionMask = 2147483647;
			files = (
				5035935F18C5D27800E9F28F /* corpo.html in Resources */,
				503592BA18C5D24D00E9F28F /* jquery.mobile-1.3.2.min.js in Resources */,
				6581D71518C7255C00506026 /* obi22.jpg in Resources */,
				5035929C18C5D04700E9F28F /* Main_iPad.storyboard in Resources */,
				503592B618C5D24D00E9F28F /* code.photoswipe.jquery-3.0.5.min.js in Resources */,
				6581D71318C7255600506026 /* obi11.jpg in Resources */,
				503592B818C5D24D00E9F28F /* jquery-1.9.1.min.js in Resources */,
				503592A918C5D24500E9F28F /* code.photoswipe-3.0.5.js in Resources */,
				503592BB18C5D24D00E9F28F /* klass.min.js in Resources */,
				5035936418C5D27800E9F28F /* NocGame.html in Resources */,
				503592BD18C5D24D00E9F28F /* phonegap.0.9.4.js in Resources */,
				503592B718C5D24D00E9F28F /* jquery-1.5.1.min.js in Resources */,
				503592B918C5D24D00E9F28F /* jquery.mobile-1.2.0-rc.2.min.js in Resources */,
				503592B418C5D24D00E9F28F /* code.photoswipe-3.0.5.min.js in Resources */,
				503592B518C5D24D00E9F28F /* code.photoswipe.jquery-3.0.5.js in Resources */,
				5035933818C5D27800E9F28F /* icons-18-white.png in Resources */,
				5035935918C5D27800E9F28F /* obiettivo2.jpg in Resources */,
				6581D70318C7252900506026 /* NocGame2.html in Resources */,
				5035931718C5D27800E9F28F /* 9.png in Resources */,
				6581D71118C7255100506026 /* corpo66.jpg in Resources */,
				5035932818C5D27800E9F28F /* Default-Landscape@2x~ipad.png in Resources */,
				5035937718C5D53800E9F28F /* right_2x.png in Resources */,
				5035933B18C5D27800E9F28F /* icons.png in Resources */,
				5035935618C5D27800E9F28F /* obi3.jpg in Resources */,
				5035933918C5D27800E9F28F /* icons-36-black.png in Resources */,
				5035933A18C5D27800E9F28F /* icons-36-white.png in Resources */,
				5035937618C5D53800E9F28F /* right_1x.png in Resources */,
				5035933218C5D27800E9F28F /* flickricon.png in Resources */,
				5035935E18C5D27800E9F28F /* loader.gif in Resources */,
				5035936118C5D27800E9F28F /* immaginiOB.html in Resources */,
				5035935318C5D27800E9F28F /* NN1596_DSCN0853.jpg in Resources */,
				503592BC18C5D24D00E9F28F /* NocBible.js in Resources */,
				5035932418C5D27800E9F28F /* corpimg.png in Resources */,
				5035936F18C5D27800E9F28F /* code.photoswipe-3.0.5.min.js.map in Resources */,
				5035933618C5D27800E9F28F /* home_ico18.png in Resources */,
				5035932C18C5D27800E9F28F /* Default-Portrait@2x~ipad.png in Resources */,
				5035934518C5D27800E9F28F /* share_ico.png in Resources */,
				5035934E18C5D27800E9F28F /* corpo3.jpg in Resources */,
				652389D41833D670009ED99D /* Default~iphone.png in Resources */,
				5035934F18C5D27800E9F28F /* corpo4.jpg in Resources */,
				6581D71918C7258E00506026 /* congratulation.png in Resources */,
				5035936018C5D27800E9F28F /* immagini.html in Resources */,
				5035935218C5D27800E9F28F /* NN1228_DSCN7197.jpg in Resources */,
				5035934618C5D27800E9F28F /* share_ico18.png in Resources */,
				5035935018C5D27800E9F28F /* corpo5.jpg in Resources */,
				5035933C18C5D27800E9F28F /* icons@2x.png in Resources */,
				5035934818C5D27800E9F28F /* sharegoogle.png in Resources */,
				5035934718C5D27800E9F28F /* sharefacebook.png in Resources */,
				5035935118C5D27800E9F28F /* corpo6.jpg in Resources */,
				5035936218C5D27800E9F28F /* info.html in Resources */,
				6581D70518C7253000506026 /* congratulation2.png in Resources */,
				5035935518C5D27800E9F28F /* obi2.jpg in Resources */,
				5035933318C5D27800E9F28F /* gameimg.png in Resources */,
				65F61B2718C5E99300CCB5B7 /* 49.png in Resources */,
				5035936618C5D27800E9F28F /* gioco.css in Resources */,
				5035932618C5D27800E9F28F /* Default-Landscape-1024@2x~ipad.png in Resources */,
				5035931D18C5D27800E9F28F /* 81.png in Resources */,
				5035933418C5D27800E9F28F /* gameimg2.png in Resources */,
				5035936318C5D27800E9F28F /* NocBible.html in Resources */,
				5035932918C5D27800E9F28F /* Default-Landscape~ipad.png in Resources */,
				5035934118C5D27800E9F28F /* obiettivimg.png in Resources */,
				5035931918C5D27800E9F28F /* 25.png in Resources */,
				5035933718C5D27800E9F28F /* icons-18-black.png in Resources */,
				6581D70918C7253D00506026 /* corpo22.jpg in Resources */,
				5035934418C5D27800E9F28F /* page.png in Resources */,
				5035935A18C5D27800E9F28F /* obiettivo3.jpg in Resources */,
				5035932018C5D27800E9F28F /* background.png in Resources */,
				5035934C18C5D27800E9F28F /* corpo.jpg in Resources */,
				5035936918C5D27800E9F28F /* jquery-mobile.css in Resources */,
				6581D70718C7253700506026 /* corpoip.jpg in Resources */,
				5035936B18C5D27800E9F28F /* jquery.mobile-1.2.0-rc.2.min.css in Resources */,
				6581D70F18C7254C00506026 /* corpo55.jpg in Resources */,
				5035935C18C5D27800E9F28F /* codecomputerlovelogo.gif in Resources */,
				5035936518C5D27800E9F28F /* obiettivo.html in Resources */,
				5035937318C5D4BC00E9F28F /* left_2x.png in Resources */,
				5035931818C5D27800E9F28F /* 16.png in Resources */,
				5035934D18C5D27800E9F28F /* corpo2.jpg in Resources */,
				5035936718C5D27800E9F28F /* imot.css in Resources */,
				652389CA1833D670009ED99D /* Default-568h@2x.png in Resources */,
				5035934218C5D27800E9F28F /* otherpics_ico.png in Resources */,
				5035934918C5D27800E9F28F /* twittericon.png in Resources */,
				5035933D18C5D27800E9F28F /* info.png in Resources */,
				5035936A18C5D27800E9F28F /* jquery.mobile-1.0.1.min.css in Resources */,
				5035935718C5D27800E9F28F /* obiettivo.jpg in Resources */,
				5035934A18C5D27800E9F28F /* accessorio.jpg in Resources */,
				5035936C18C5D27800E9F28F /* photoswipe.css in Resources */,
				5035937218C5D4BC00E9F28F /* left_1x.png in Resources */,
				5035931A18C5D27800E9F28F /* 36.png in Resources */,
				5035935D18C5D27800E9F28F /* error.gif in Resources */,
				5035933118C5D27800E9F28F /* favorite_ico.png in Resources */,
				5035931C18C5D27800E9F28F /* 64.png in Resources */,
				5035933518C5D27800E9F28F /* home_ico.png in Resources */,
				5035936D18C5D27800E9F28F /* styles.css in Resources */,
				652389D21833D670009ED99D /* Default-Portrait~ipad.png in Resources */,
				5035932218C5D27800E9F28F /* blogicon.png in Resources */,
				5035933F18C5D27800E9F28F /* logo_noc.png in Resources */,
				50C8238D17F4845B001BEFA7 /* Images.xcassets in Resources */,
				6581D70B18C7254200506026 /* corpo33.jpg in Resources */,
				6581D71718C7256100506026 /* obi33.jpg in Resources */,
				5035932118C5D27800E9F28F /* backhome.png in Resources */,
				5035934B18C5D27800E9F28F /* accessorio2.jpg in Resources */,
				5035933E18C5D27800E9F28F /* info2.png in Resources */,
				652389D31833D670009ED99D /* Default.png in Resources */,
				5035933018C5D27800E9F28F /* facebookicon.png in Resources */,
				5035929A18C5D03E00E9F28F /* Main_iPhone.storyboard in Resources */,
				5035935818C5D27800E9F28F /* obiettivo1.jpg in Resources */,
				5035931F18C5D27800E9F28F /* 1536x2048.png in Resources */,
				6581D70D18C7254700506026 /* corpo44.jpg in Resources */,
				5035934018C5D27800E9F28F /* noc_camera_bible.png in Resources */,
				5035934318C5D27800E9F28F /* otherpics_ico18.png in Resources */,
				50C8237C17F4845B001BEFA7 /* InfoPlist.strings in Resources */,
				5035935B18C5D27800E9F28F /* ajax-loader.gif in Resources */,
				5035935418C5D27800E9F28F /* obi1.jpg in Resources */,
				5035931E18C5D27800E9F28F /* 100.png in Resources */,
				5035936818C5D27800E9F28F /* imot.min.css in Resources */,
				5035936E18C5D27800E9F28F /* NocBible.asmx in Resources */,
				5035932718C5D27800E9F28F /* Default-Landscape-1024~ipad.png in Resources */,
			);
			runOnlyForDeploymentPostprocessing = 0;
		};
		50C8239017F4845B001BEFA7 /* Resources */ = {
			isa = PBXResourcesBuildPhase;
			buildActionMask = 2147483647;
			files = (
				50C8239E17F4845B001BEFA7 /* InfoPlist.strings in Resources */,
			);
			runOnlyForDeploymentPostprocessing = 0;
		};
/* End PBXResourcesBuildPhase section */

/* Begin PBXSourcesBuildPhase section */
		50C8236A17F4845B001BEFA7 /* Sources */ = {
			isa = PBXSourcesBuildPhase;
			buildActionMask = 2147483647;
			files = (
				50C8238B17F4845B001BEFA7 /* ViewController.m in Sources */,
				5035927718C5CE9200E9F28F /* TBXML.m in Sources */,
				5035927618C5CE9200E9F28F /* NSDataAdditions.m in Sources */,
				5035926C18C5CE2100E9F28F /* iCarousel.m in Sources */,
				5035929818C5D02600E9F28F /* CorpiViewController.m in Sources */,
				5035928C18C5CFD000E9F28F /* DettagliCorpiViewController.m in Sources */,
				5035928218C5CEFC00E9F28F /* MBProgressHUD.m in Sources */,
				501FF58718C5ECA8001AABCC /* Preferenze.m in Sources */,
				5035927E18C5CEC700E9F28F /* Articolo.m in Sources */,
				5035929218C5D00A00E9F28F /* HomeViewController.m in Sources */,
				5035928F18C5CFE400E9F28F /* CopyrightViewController.m in Sources */,
				50C8238217F4845B001BEFA7 /* AppDelegate.m in Sources */,
				5035927D18C5CEC700E9F28F /* cElencoArticoli.m in Sources */,
				5035929518C5D01E00E9F28F /* DettagliObViewController.m in Sources */,
				5076B99917F5939B008D2F26 /* Reachability.m in Sources */,
				5035927018C5CE6100E9F28F /* cGestService.m in Sources */,
				6581D71F18C72FBF00506026 /* PuzzleGameIPhone.m in Sources */,
				50C8237E17F4845B001BEFA7 /* main.m in Sources */,
				5035928618C5CF9100E9F28F /* SchedaCell.m in Sources */,
				5035928918C5CFB400E9F28F /* PuzzleGame.m in Sources */,
			);
			runOnlyForDeploymentPostprocessing = 0;
		};
		50C8238E17F4845B001BEFA7 /* Sources */ = {
			isa = PBXSourcesBuildPhase;
			buildActionMask = 2147483647;
			files = (
				50C823A017F4845B001BEFA7 /* NocBibleTests.m in Sources */,
			);
			runOnlyForDeploymentPostprocessing = 0;
		};
/* End PBXSourcesBuildPhase section */

/* Begin PBXTargetDependency section */
		50C8239817F4845B001BEFA7 /* PBXTargetDependency */ = {
			isa = PBXTargetDependency;
			target = 50C8236D17F4845B001BEFA7 /* NocBible */;
			targetProxy = 50C8239717F4845B001BEFA7 /* PBXContainerItemProxy */;
		};
/* End PBXTargetDependency section */

/* Begin PBXVariantGroup section */
		50C8237A17F4845B001BEFA7 /* InfoPlist.strings */ = {
			isa = PBXVariantGroup;
			children = (
				50C8237B17F4845B001BEFA7 /* en */,
			);
			name = InfoPlist.strings;
			sourceTree = "<group>";
		};
		50C8239C17F4845B001BEFA7 /* InfoPlist.strings */ = {
			isa = PBXVariantGroup;
			children = (
				50C8239D17F4845B001BEFA7 /* en */,
			);
			name = InfoPlist.strings;
			sourceTree = "<group>";
		};
/* End PBXVariantGroup section */

/* Begin XCBuildConfiguration section */
		50C823A117F4845C001BEFA7 /* Debug */ = {
			isa = XCBuildConfiguration;
			buildSettings = {
				ALWAYS_SEARCH_USER_PATHS = NO;
				CLANG_CXX_LANGUAGE_STANDARD = "gnu++0x";
				CLANG_CXX_LIBRARY = "libc++";
				CLANG_ENABLE_MODULES = YES;
				CLANG_ENABLE_OBJC_ARC = YES;
				CLANG_WARN_BOOL_CONVERSION = YES;
				CLANG_WARN_CONSTANT_CONVERSION = YES;
				CLANG_WARN_DIRECT_OBJC_ISA_USAGE = YES_ERROR;
				CLANG_WARN_EMPTY_BODY = YES;
				CLANG_WARN_ENUM_CONVERSION = YES;
				CLANG_WARN_INT_CONVERSION = YES;
				CLANG_WARN_OBJC_ROOT_CLASS = YES_ERROR;
				CLANG_WARN__DUPLICATE_METHOD_MATCH = YES;
				"CODE_SIGN_IDENTITY[sdk=iphoneos*]" = "iPhone Developer";
				COPY_PHASE_STRIP = NO;
				GCC_C_LANGUAGE_STANDARD = gnu99;
				GCC_DYNAMIC_NO_PIC = NO;
				GCC_OPTIMIZATION_LEVEL = 0;
				GCC_PREPROCESSOR_DEFINITIONS = (
					"DEBUG=1",
					"$(inherited)",
				);
				GCC_SYMBOLS_PRIVATE_EXTERN = NO;
				GCC_WARN_64_TO_32_BIT_CONVERSION = YES;
				GCC_WARN_ABOUT_RETURN_TYPE = YES_ERROR;
				GCC_WARN_UNDECLARED_SELECTOR = YES;
				GCC_WARN_UNINITIALIZED_AUTOS = YES;
				GCC_WARN_UNUSED_FUNCTION = YES;
				GCC_WARN_UNUSED_VARIABLE = YES;
				IPHONEOS_DEPLOYMENT_TARGET = 7.0;
				ONLY_ACTIVE_ARCH = YES;
				SDKROOT = iphoneos;
				TARGETED_DEVICE_FAMILY = "1,2";
			};
			name = Debug;
		};
		50C823A217F4845C001BEFA7 /* Release */ = {
			isa = XCBuildConfiguration;
			buildSettings = {
				ALWAYS_SEARCH_USER_PATHS = NO;
				CLANG_CXX_LANGUAGE_STANDARD = "gnu++0x";
				CLANG_CXX_LIBRARY = "libc++";
				CLANG_ENABLE_MODULES = YES;
				CLANG_ENABLE_OBJC_ARC = YES;
				CLANG_WARN_BOOL_CONVERSION = YES;
				CLANG_WARN_CONSTANT_CONVERSION = YES;
				CLANG_WARN_DIRECT_OBJC_ISA_USAGE = YES_ERROR;
				CLANG_WARN_EMPTY_BODY = YES;
				CLANG_WARN_ENUM_CONVERSION = YES;
				CLANG_WARN_INT_CONVERSION = YES;
				CLANG_WARN_OBJC_ROOT_CLASS = YES_ERROR;
				CLANG_WARN__DUPLICATE_METHOD_MATCH = YES;
				"CODE_SIGN_IDENTITY[sdk=iphoneos*]" = "iPhone Developer";
				COPY_PHASE_STRIP = YES;
				ENABLE_NS_ASSERTIONS = NO;
				GCC_C_LANGUAGE_STANDARD = gnu99;
				GCC_WARN_64_TO_32_BIT_CONVERSION = YES;
				GCC_WARN_ABOUT_RETURN_TYPE = YES_ERROR;
				GCC_WARN_UNDECLARED_SELECTOR = YES;
				GCC_WARN_UNINITIALIZED_AUTOS = YES;
				GCC_WARN_UNUSED_FUNCTION = YES;
				GCC_WARN_UNUSED_VARIABLE = YES;
				IPHONEOS_DEPLOYMENT_TARGET = 7.0;
				SDKROOT = iphoneos;
				TARGETED_DEVICE_FAMILY = "1,2";
				VALIDATE_PRODUCT = YES;
			};
			name = Release;
		};
		50C823A417F4845C001BEFA7 /* Debug */ = {
			isa = XCBuildConfiguration;
			buildSettings = {
				ASSETCATALOG_COMPILER_APPICON_NAME = AppIcon;
				CODE_SIGN_IDENTITY = "";
				"CODE_SIGN_IDENTITY[sdk=iphoneos*]" = "";
				FRAMEWORK_SEARCH_PATHS = (
					"$(inherited)",
					/Users/Daniela/XCodeGit/NocBible_Apple,
				);
				GCC_PRECOMPILE_PREFIX_HEADER = YES;
				GCC_PREFIX_HEADER = "NocBible/NocBible-Prefix.pch";
				INFOPLIST_FILE = "NocBible/NocBible-Info.plist";
				IPHONEOS_DEPLOYMENT_TARGET = 7.0;
				PRODUCT_NAME = "$(TARGET_NAME)";
				PROVISIONING_PROFILE = "7A029BE7-01E6-473E-8D30-97F105A1E0F7";
				WRAPPER_EXTENSION = app;
			};
			name = Debug;
		};
		50C823A517F4845C001BEFA7 /* Release */ = {
			isa = XCBuildConfiguration;
			buildSettings = {
				ASSETCATALOG_COMPILER_APPICON_NAME = AppIcon;
				CODE_SIGN_IDENTITY = "";
				"CODE_SIGN_IDENTITY[sdk=iphoneos*]" = "";
				FRAMEWORK_SEARCH_PATHS = (
					"$(inherited)",
					/Users/Daniela/XCodeGit/NocBible_Apple,
				);
				GCC_PRECOMPILE_PREFIX_HEADER = YES;
				GCC_PREFIX_HEADER = "NocBible/NocBible-Prefix.pch";
				INFOPLIST_FILE = "NocBible/NocBible-Info.plist";
				IPHONEOS_DEPLOYMENT_TARGET = 7.0;
				PRODUCT_NAME = "$(TARGET_NAME)";
				PROVISIONING_PROFILE = "7A029BE7-01E6-473E-8D30-97F105A1E0F7";
				WRAPPER_EXTENSION = app;
			};
			name = Release;
		};
		50C823A717F4845C001BEFA7 /* Debug */ = {
			isa = XCBuildConfiguration;
			buildSettings = {
				BUNDLE_LOADER = "$(BUILT_PRODUCTS_DIR)/NocBible.app/NocBible";
				FRAMEWORK_SEARCH_PATHS = (
					"$(SDKROOT)/Developer/Library/Frameworks",
					"$(inherited)",
					"$(DEVELOPER_FRAMEWORKS_DIR)",
				);
				GCC_PRECOMPILE_PREFIX_HEADER = YES;
				GCC_PREFIX_HEADER = "NocBible/NocBible-Prefix.pch";
				GCC_PREPROCESSOR_DEFINITIONS = (
					"DEBUG=1",
					"$(inherited)",
				);
				INFOPLIST_FILE = "NocBibleTests/NocBibleTests-Info.plist";
				PRODUCT_NAME = "$(TARGET_NAME)";
				TEST_HOST = "$(BUNDLE_LOADER)";
				WRAPPER_EXTENSION = xctest;
			};
			name = Debug;
		};
		50C823A817F4845C001BEFA7 /* Release */ = {
			isa = XCBuildConfiguration;
			buildSettings = {
				BUNDLE_LOADER = "$(BUILT_PRODUCTS_DIR)/NocBible.app/NocBible";
				FRAMEWORK_SEARCH_PATHS = (
					"$(SDKROOT)/Developer/Library/Frameworks",
					"$(inherited)",
					"$(DEVELOPER_FRAMEWORKS_DIR)",
				);
				GCC_PRECOMPILE_PREFIX_HEADER = YES;
				GCC_PREFIX_HEADER = "NocBible/NocBible-Prefix.pch";
				INFOPLIST_FILE = "NocBibleTests/NocBibleTests-Info.plist";
				PRODUCT_NAME = "$(TARGET_NAME)";
				TEST_HOST = "$(BUNDLE_LOADER)";
				WRAPPER_EXTENSION = xctest;
			};
			name = Release;
		};
/* End XCBuildConfiguration section */

/* Begin XCConfigurationList section */
		50C8236917F4845B001BEFA7 /* Build configuration list for PBXProject "NocBible" */ = {
			isa = XCConfigurationList;
			buildConfigurations = (
				50C823A117F4845C001BEFA7 /* Debug */,
				50C823A217F4845C001BEFA7 /* Release */,
			);
			defaultConfigurationIsVisible = 0;
			defaultConfigurationName = Release;
		};
		50C823A317F4845C001BEFA7 /* Build configuration list for PBXNativeTarget "NocBible" */ = {
			isa = XCConfigurationList;
			buildConfigurations = (
				50C823A417F4845C001BEFA7 /* Debug */,
				50C823A517F4845C001BEFA7 /* Release */,
			);
			defaultConfigurationIsVisible = 0;
			defaultConfigurationName = Release;
		};
		50C823A617F4845C001BEFA7 /* Build configuration list for PBXNativeTarget "NocBibleTests" */ = {
			isa = XCConfigurationList;
			buildConfigurations = (
				50C823A717F4845C001BEFA7 /* Debug */,
				50C823A817F4845C001BEFA7 /* Release */,
			);
			defaultConfigurationIsVisible = 0;
			defaultConfigurationName = Release;
		};
/* End XCConfigurationList section */
	};
	rootObject = 50C8236617F4845B001BEFA7 /* Project object */;
}
