// !$*UTF8*$!
{
	archiveVersion = 1;
	classes = {
	};
	objectVersion = 46;
	objects = {

/* Begin PBXBuildFile section */
		5076B99917F5939B008D2F26 /* Reachability.m in Sources */ = {isa = PBXBuildFile; fileRef = 5076B99817F5939B008D2F26 /* Reachability.m */; };
		5076B99B17F594A8008D2F26 /* SystemConfiguration.framework in Frameworks */ = {isa = PBXBuildFile; fileRef = 5076B99A17F594A8008D2F26 /* SystemConfiguration.framework */; };
		50C8237217F4845B001BEFA7 /* Foundation.framework in Frameworks */ = {isa = PBXBuildFile; fileRef = 50C8237117F4845B001BEFA7 /* Foundation.framework */; };
		50C8237417F4845B001BEFA7 /* CoreGraphics.framework in Frameworks */ = {isa = PBXBuildFile; fileRef = 50C8237317F4845B001BEFA7 /* CoreGraphics.framework */; };
		50C8237617F4845B001BEFA7 /* UIKit.framework in Frameworks */ = {isa = PBXBuildFile; fileRef = 50C8237517F4845B001BEFA7 /* UIKit.framework */; };
		50C8237C17F4845B001BEFA7 /* InfoPlist.strings in Resources */ = {isa = PBXBuildFile; fileRef = 50C8237A17F4845B001BEFA7 /* InfoPlist.strings */; };
		50C8237E17F4845B001BEFA7 /* main.m in Sources */ = {isa = PBXBuildFile; fileRef = 50C8237D17F4845B001BEFA7 /* main.m */; };
		50C8238217F4845B001BEFA7 /* AppDelegate.m in Sources */ = {isa = PBXBuildFile; fileRef = 50C8238117F4845B001BEFA7 /* AppDelegate.m */; };
		50C8238B17F4845B001BEFA7 /* ViewController.m in Sources */ = {isa = PBXBuildFile; fileRef = 50C8238A17F4845B001BEFA7 /* ViewController.m */; };
		50C8238D17F4845B001BEFA7 /* Images.xcassets in Resources */ = {isa = PBXBuildFile; fileRef = 50C8238C17F4845B001BEFA7 /* Images.xcassets */; };
		50C8239417F4845B001BEFA7 /* XCTest.framework in Frameworks */ = {isa = PBXBuildFile; fileRef = 50C8239317F4845B001BEFA7 /* XCTest.framework */; };
		50C8239517F4845B001BEFA7 /* Foundation.framework in Frameworks */ = {isa = PBXBuildFile; fileRef = 50C8237117F4845B001BEFA7 /* Foundation.framework */; };
		50C8239617F4845B001BEFA7 /* UIKit.framework in Frameworks */ = {isa = PBXBuildFile; fileRef = 50C8237517F4845B001BEFA7 /* UIKit.framework */; };
		50C8239E17F4845B001BEFA7 /* InfoPlist.strings in Resources */ = {isa = PBXBuildFile; fileRef = 50C8239C17F4845B001BEFA7 /* InfoPlist.strings */; };
		50C823A017F4845B001BEFA7 /* NocBibleTests.m in Sources */ = {isa = PBXBuildFile; fileRef = 50C8239F17F4845B001BEFA7 /* NocBibleTests.m */; };
		6519A6EE1864352500B43739 /* jquery.mobile-1.2.0-rc.2.min.css in Resources */ = {isa = PBXBuildFile; fileRef = 6519A6EC1864352500B43739 /* jquery.mobile-1.2.0-rc.2.min.css */; };
		652389CA1833D670009ED99D /* Default-568h@2x.png in Resources */ = {isa = PBXBuildFile; fileRef = 652389BF1833D670009ED99D /* Default-568h@2x.png */; };
		652389CB1833D670009ED99D /* Default-Landscape-1024@2x~ipad.png in Resources */ = {isa = PBXBuildFile; fileRef = 652389C01833D670009ED99D /* Default-Landscape-1024@2x~ipad.png */; };
		652389CC1833D670009ED99D /* Default-Landscape-1024~ipad.png in Resources */ = {isa = PBXBuildFile; fileRef = 652389C11833D670009ED99D /* Default-Landscape-1024~ipad.png */; };
		652389CD1833D670009ED99D /* Default-Landscape@2x~ipad.png in Resources */ = {isa = PBXBuildFile; fileRef = 652389C21833D670009ED99D /* Default-Landscape@2x~ipad.png */; };
		652389CE1833D670009ED99D /* Default-Landscape~ipad.png in Resources */ = {isa = PBXBuildFile; fileRef = 652389C31833D670009ED99D /* Default-Landscape~ipad.png */; };
		652389CF1833D670009ED99D /* Default-Portrait-1024@2x~ipad.png in Resources */ = {isa = PBXBuildFile; fileRef = 652389C41833D670009ED99D /* Default-Portrait-1024@2x~ipad.png */; };
		652389D01833D670009ED99D /* Default-Portrait-1024~ipad.png in Resources */ = {isa = PBXBuildFile; fileRef = 652389C51833D670009ED99D /* Default-Portrait-1024~ipad.png */; };
		652389D11833D670009ED99D /* Default-Portrait@2x~ipad.png in Resources */ = {isa = PBXBuildFile; fileRef = 652389C61833D670009ED99D /* Default-Portrait@2x~ipad.png */; };
		652389D21833D670009ED99D /* Default-Portrait~ipad.png in Resources */ = {isa = PBXBuildFile; fileRef = 652389C71833D670009ED99D /* Default-Portrait~ipad.png */; };
		652389D31833D670009ED99D /* Default.png in Resources */ = {isa = PBXBuildFile; fileRef = 652389C81833D670009ED99D /* Default.png */; };
		652389D41833D670009ED99D /* Default~iphone.png in Resources */ = {isa = PBXBuildFile; fileRef = 652389C91833D670009ED99D /* Default~iphone.png */; };
		6526ED891844E28F00F7EAC2 /* NocGame.html in Resources */ = {isa = PBXBuildFile; fileRef = 6526ED881844E28F00F7EAC2 /* NocGame.html */; };
		6526ED8B1844E37F00F7EAC2 /* gameimg2.png in Resources */ = {isa = PBXBuildFile; fileRef = 6526ED8A1844E37F00F7EAC2 /* gameimg2.png */; };
		6526ED8D1844E38500F7EAC2 /* obiettivimg.png in Resources */ = {isa = PBXBuildFile; fileRef = 6526ED8C1844E38500F7EAC2 /* obiettivimg.png */; };
		6526ED8F1844E38B00F7EAC2 /* corpimg.png in Resources */ = {isa = PBXBuildFile; fileRef = 6526ED8E1844E38B00F7EAC2 /* corpimg.png */; };
		6526ED911844E4CF00F7EAC2 /* gioco.css in Resources */ = {isa = PBXBuildFile; fileRef = 6526ED901844E4CF00F7EAC2 /* gioco.css */; };
		6526EDA01844F21E00F7EAC2 /* backhome.png in Resources */ = {isa = PBXBuildFile; fileRef = 65CF1F081833D4B1000EE463 /* backhome.png */; };
		6526EDA11844F21E00F7EAC2 /* phonegap.0.9.4.js in Resources */ = {isa = PBXBuildFile; fileRef = 6526ED981844EBA100F7EAC2 /* phonegap.0.9.4.js */; };
		6526EDA21844F21E00F7EAC2 /* jquery-1.5.1.min.js in Resources */ = {isa = PBXBuildFile; fileRef = 6526ED961844EB6700F7EAC2 /* jquery-1.5.1.min.js */; };
		654617A61835327600AB898E /* NocBible.js in Resources */ = {isa = PBXBuildFile; fileRef = 65CF1F061833D4B1000EE463 /* NocBible.js */; };
		65A3E84B18633A9E00A98B1A /* corpo3.jpg in Resources */ = {isa = PBXBuildFile; fileRef = 65A3E84A18633A9E00A98B1A /* corpo3.jpg */; };
		65A3E84D18633AA300A98B1A /* corpo2.jpg in Resources */ = {isa = PBXBuildFile; fileRef = 65A3E84C18633AA300A98B1A /* corpo2.jpg */; };
		65A3E84F18633AA800A98B1A /* corpo.jpg in Resources */ = {isa = PBXBuildFile; fileRef = 65A3E84E18633AA800A98B1A /* corpo.jpg */; };
		65A3E8571863714A00A98B1A /* congratulation.png in Resources */ = {isa = PBXBuildFile; fileRef = 65A3E8561863714A00A98B1A /* congratulation.png */; };
		65B6FF101845F33D009DEABF /* jquery.mobile-1.0.1.min.css in Resources */ = {isa = PBXBuildFile; fileRef = 65B6FF0F1845F33D009DEABF /* jquery.mobile-1.0.1.min.css */; };
		65B6FF151845F380009DEABF /* jquery-1.9.1.min.js in Resources */ = {isa = PBXBuildFile; fileRef = 65B6FF111845F34D009DEABF /* jquery-1.9.1.min.js */; };
		65B6FF161845F380009DEABF /* jquery.mobile-1.3.2.min.js in Resources */ = {isa = PBXBuildFile; fileRef = 65B6FF131845F361009DEABF /* jquery.mobile-1.3.2.min.js */; };
		65CF1F421833D4B1000EE463 /* code.photoswipe-3.0.5.min.js.map in Resources */ = {isa = PBXBuildFile; fileRef = 65CF1F001833D4B1000EE463 /* code.photoswipe-3.0.5.min.js.map */; };
		65CF1F491833D4B1000EE463 /* 1536x2048.png in Resources */ = {isa = PBXBuildFile; fileRef = 65CF1F071833D4B1000EE463 /* 1536x2048.png */; };
		65CF1F4B1833D4B1000EE463 /* blogicon.png in Resources */ = {isa = PBXBuildFile; fileRef = 65CF1F091833D4B1000EE463 /* blogicon.png */; };
		65CF1F581833D4B1000EE463 /* facebookicon.png in Resources */ = {isa = PBXBuildFile; fileRef = 65CF1F161833D4B1000EE463 /* facebookicon.png */; };
		65CF1F591833D4B1000EE463 /* favorite_ico.png in Resources */ = {isa = PBXBuildFile; fileRef = 65CF1F171833D4B1000EE463 /* favorite_ico.png */; };
		65CF1F5A1833D4B1000EE463 /* flickricon.png in Resources */ = {isa = PBXBuildFile; fileRef = 65CF1F181833D4B1000EE463 /* flickricon.png */; };
		65CF1F5B1833D4B1000EE463 /* gameimg.png in Resources */ = {isa = PBXBuildFile; fileRef = 65CF1F191833D4B1000EE463 /* gameimg.png */; };
		65CF1F5D1833D4B1000EE463 /* home_ico.png in Resources */ = {isa = PBXBuildFile; fileRef = 65CF1F1B1833D4B1000EE463 /* home_ico.png */; };
		65CF1F5E1833D4B1000EE463 /* home_ico18.png in Resources */ = {isa = PBXBuildFile; fileRef = 65CF1F1C1833D4B1000EE463 /* home_ico18.png */; };
		65CF1F5F1833D4B1000EE463 /* icons-18-black.png in Resources */ = {isa = PBXBuildFile; fileRef = 65CF1F1D1833D4B1000EE463 /* icons-18-black.png */; };
		65CF1F601833D4B1000EE463 /* icons-18-white.png in Resources */ = {isa = PBXBuildFile; fileRef = 65CF1F1E1833D4B1000EE463 /* icons-18-white.png */; };
		65CF1F611833D4B1000EE463 /* icons-36-black.png in Resources */ = {isa = PBXBuildFile; fileRef = 65CF1F1F1833D4B1000EE463 /* icons-36-black.png */; };
		65CF1F621833D4B1000EE463 /* icons-36-white.png in Resources */ = {isa = PBXBuildFile; fileRef = 65CF1F201833D4B1000EE463 /* icons-36-white.png */; };
		65CF1F631833D4B1000EE463 /* icons.png in Resources */ = {isa = PBXBuildFile; fileRef = 65CF1F211833D4B1000EE463 /* icons.png */; };
		65CF1F641833D4B1000EE463 /* icons@2x.png in Resources */ = {isa = PBXBuildFile; fileRef = 65CF1F221833D4B1000EE463 /* icons@2x.png */; };
		65CF1F651833D4B1000EE463 /* info.png in Resources */ = {isa = PBXBuildFile; fileRef = 65CF1F231833D4B1000EE463 /* info.png */; };
		65CF1F661833D4B1000EE463 /* info2.png in Resources */ = {isa = PBXBuildFile; fileRef = 65CF1F241833D4B1000EE463 /* info2.png */; };
		65CF1F671833D4B1000EE463 /* logo_noc.png in Resources */ = {isa = PBXBuildFile; fileRef = 65CF1F251833D4B1000EE463 /* logo_noc.png */; };
		65CF1F681833D4B1000EE463 /* noc_camera_bible.png in Resources */ = {isa = PBXBuildFile; fileRef = 65CF1F261833D4B1000EE463 /* noc_camera_bible.png */; };
		65CF1F6A1833D4B1000EE463 /* otherpics_ico.png in Resources */ = {isa = PBXBuildFile; fileRef = 65CF1F281833D4B1000EE463 /* otherpics_ico.png */; };
		65CF1F6B1833D4B1000EE463 /* otherpics_ico18.png in Resources */ = {isa = PBXBuildFile; fileRef = 65CF1F291833D4B1000EE463 /* otherpics_ico18.png */; };
		65CF1F6C1833D4B1000EE463 /* share_ico.png in Resources */ = {isa = PBXBuildFile; fileRef = 65CF1F2A1833D4B1000EE463 /* share_ico.png */; };
		65CF1F6D1833D4B1000EE463 /* share_ico18.png in Resources */ = {isa = PBXBuildFile; fileRef = 65CF1F2B1833D4B1000EE463 /* share_ico18.png */; };
		65CF1F6E1833D4B1000EE463 /* sharefacebook.png in Resources */ = {isa = PBXBuildFile; fileRef = 65CF1F2C1833D4B1000EE463 /* sharefacebook.png */; };
		65CF1F6F1833D4B1000EE463 /* sharegoogle.png in Resources */ = {isa = PBXBuildFile; fileRef = 65CF1F2D1833D4B1000EE463 /* sharegoogle.png */; };
		65CF1F701833D4B1000EE463 /* twittericon.png in Resources */ = {isa = PBXBuildFile; fileRef = 65CF1F2E1833D4B1000EE463 /* twittericon.png */; };
		65CF1F711833D4B1000EE463 /* NN1228_DSCN7197.jpg in Resources */ = {isa = PBXBuildFile; fileRef = 65CF1F2F1833D4B1000EE463 /* NN1228_DSCN7197.jpg */; };
		65CF1F721833D4B1000EE463 /* NN1596_DSCN0853.jpg in Resources */ = {isa = PBXBuildFile; fileRef = 65CF1F301833D4B1000EE463 /* NN1596_DSCN0853.jpg */; };
		65CF1F731833D4B1000EE463 /* corpo.html in Resources */ = {isa = PBXBuildFile; fileRef = 65CF1F311833D4B1000EE463 /* corpo.html */; };
		65CF1F741833D4B1000EE463 /* immagini.html in Resources */ = {isa = PBXBuildFile; fileRef = 65CF1F321833D4B1000EE463 /* immagini.html */; };
		65CF1F751833D4B1000EE463 /* immaginiOB.html in Resources */ = {isa = PBXBuildFile; fileRef = 65CF1F331833D4B1000EE463 /* immaginiOB.html */; };
		65CF1F761833D4B1000EE463 /* info.html in Resources */ = {isa = PBXBuildFile; fileRef = 65CF1F341833D4B1000EE463 /* info.html */; };
		65CF1F771833D4B1000EE463 /* NocBible.html in Resources */ = {isa = PBXBuildFile; fileRef = 65CF1F351833D4B1000EE463 /* NocBible.html */; };
		65CF1F781833D4B1000EE463 /* obiettivo.html in Resources */ = {isa = PBXBuildFile; fileRef = 65CF1F361833D4B1000EE463 /* obiettivo.html */; };
		65CF1F791833D4B1000EE463 /* ajax-loader.gif in Resources */ = {isa = PBXBuildFile; fileRef = 65CF1F371833D4B1000EE463 /* ajax-loader.gif */; };
		65CF1F7A1833D4B1000EE463 /* codecomputerlovelogo.gif in Resources */ = {isa = PBXBuildFile; fileRef = 65CF1F381833D4B1000EE463 /* codecomputerlovelogo.gif */; };
		65CF1F7B1833D4B1000EE463 /* error.gif in Resources */ = {isa = PBXBuildFile; fileRef = 65CF1F391833D4B1000EE463 /* error.gif */; };
		65CF1F7C1833D4B1000EE463 /* loader.gif in Resources */ = {isa = PBXBuildFile; fileRef = 65CF1F3A1833D4B1000EE463 /* loader.gif */; };
		65CF1F7D1833D4B1000EE463 /* imot.css in Resources */ = {isa = PBXBuildFile; fileRef = 65CF1F3B1833D4B1000EE463 /* imot.css */; };
		65CF1F7E1833D4B1000EE463 /* imot.min.css in Resources */ = {isa = PBXBuildFile; fileRef = 65CF1F3C1833D4B1000EE463 /* imot.min.css */; };
		65CF1F7F1833D4B1000EE463 /* jquery-mobile.css in Resources */ = {isa = PBXBuildFile; fileRef = 65CF1F3D1833D4B1000EE463 /* jquery-mobile.css */; };
		65CF1F801833D4B1000EE463 /* photoswipe.css in Resources */ = {isa = PBXBuildFile; fileRef = 65CF1F3E1833D4B1000EE463 /* photoswipe.css */; };
		65CF1F811833D4B1000EE463 /* styles.css in Resources */ = {isa = PBXBuildFile; fileRef = 65CF1F3F1833D4B1000EE463 /* styles.css */; };
		65CF1F821833D4B1000EE463 /* M8CLICK.mp3 in Resources */ = {isa = PBXBuildFile; fileRef = 65CF1F401833D4B1000EE463 /* M8CLICK.mp3 */; };
		65D6157D184748FA0050EAF2 /* obiettivo.jpg in Resources */ = {isa = PBXBuildFile; fileRef = 65D6157C184748FA0050EAF2 /* obiettivo.jpg */; };
		65D6157F184749000050EAF2 /* accessorio.jpg in Resources */ = {isa = PBXBuildFile; fileRef = 65D6157E184749000050EAF2 /* accessorio.jpg */; };
		65D615811847585E0050EAF2 /* accessorio2.jpg in Resources */ = {isa = PBXBuildFile; fileRef = 65D615801847585E0050EAF2 /* accessorio2.jpg */; };
		65D61583184758640050EAF2 /* obiettivo2.jpg in Resources */ = {isa = PBXBuildFile; fileRef = 65D61582184758640050EAF2 /* obiettivo2.jpg */; };
/* End PBXBuildFile section */

/* Begin PBXContainerItemProxy section */
		50C8239717F4845B001BEFA7 /* PBXContainerItemProxy */ = {
			isa = PBXContainerItemProxy;
			containerPortal = 50C8236617F4845B001BEFA7 /* Project object */;
			proxyType = 1;
			remoteGlobalIDString = 50C8236D17F4845B001BEFA7;
			remoteInfo = NocBible;
		};
/* End PBXContainerItemProxy section */

/* Begin PBXFileReference section */
		5076B99717F59393008D2F26 /* Reachability.h */ = {isa = PBXFileReference; lastKnownFileType = sourcecode.c.h; path = Reachability.h; sourceTree = "<group>"; };
		5076B99817F5939B008D2F26 /* Reachability.m */ = {isa = PBXFileReference; fileEncoding = 4; lastKnownFileType = sourcecode.c.objc; path = Reachability.m; sourceTree = "<group>"; };
		5076B99A17F594A8008D2F26 /* SystemConfiguration.framework */ = {isa = PBXFileReference; lastKnownFileType = wrapper.framework; name = SystemConfiguration.framework; path = System/Library/Frameworks/SystemConfiguration.framework; sourceTree = SDKROOT; };
		50C8236E17F4845B001BEFA7 /* NocBible.app */ = {isa = PBXFileReference; explicitFileType = wrapper.application; includeInIndex = 0; path = NocBible.app; sourceTree = BUILT_PRODUCTS_DIR; };
		50C8237117F4845B001BEFA7 /* Foundation.framework */ = {isa = PBXFileReference; lastKnownFileType = wrapper.framework; name = Foundation.framework; path = System/Library/Frameworks/Foundation.framework; sourceTree = SDKROOT; };
		50C8237317F4845B001BEFA7 /* CoreGraphics.framework */ = {isa = PBXFileReference; lastKnownFileType = wrapper.framework; name = CoreGraphics.framework; path = System/Library/Frameworks/CoreGraphics.framework; sourceTree = SDKROOT; };
		50C8237517F4845B001BEFA7 /* UIKit.framework */ = {isa = PBXFileReference; lastKnownFileType = wrapper.framework; name = UIKit.framework; path = System/Library/Frameworks/UIKit.framework; sourceTree = SDKROOT; };
		50C8237917F4845B001BEFA7 /* NocBible-Info.plist */ = {isa = PBXFileReference; lastKnownFileType = text.plist.xml; path = "NocBible-Info.plist"; sourceTree = "<group>"; };
		50C8237B17F4845B001BEFA7 /* en */ = {isa = PBXFileReference; lastKnownFileType = text.plist.strings; name = en; path = en.lproj/InfoPlist.strings; sourceTree = "<group>"; };
		50C8237D17F4845B001BEFA7 /* main.m */ = {isa = PBXFileReference; lastKnownFileType = sourcecode.c.objc; path = main.m; sourceTree = "<group>"; };
		50C8237F17F4845B001BEFA7 /* NocBible-Prefix.pch */ = {isa = PBXFileReference; lastKnownFileType = sourcecode.c.h; path = "NocBible-Prefix.pch"; sourceTree = "<group>"; };
		50C8238017F4845B001BEFA7 /* AppDelegate.h */ = {isa = PBXFileReference; lastKnownFileType = sourcecode.c.h; path = AppDelegate.h; sourceTree = "<group>"; };
		50C8238117F4845B001BEFA7 /* AppDelegate.m */ = {isa = PBXFileReference; lastKnownFileType = sourcecode.c.objc; path = AppDelegate.m; sourceTree = "<group>"; };
		50C8238417F4845B001BEFA7 /* Base */ = {isa = PBXFileReference; lastKnownFileType = file.storyboard; name = Base; path = Base.lproj/Main_iPhone.storyboard; sourceTree = "<group>"; };
		50C8238717F4845B001BEFA7 /* Base */ = {isa = PBXFileReference; lastKnownFileType = file.storyboard; name = Base; path = Base.lproj/Main_iPad.storyboard; sourceTree = "<group>"; };
		50C8238917F4845B001BEFA7 /* ViewController.h */ = {isa = PBXFileReference; lastKnownFileType = sourcecode.c.h; path = ViewController.h; sourceTree = "<group>"; };
		50C8238A17F4845B001BEFA7 /* ViewController.m */ = {isa = PBXFileReference; lastKnownFileType = sourcecode.c.objc; path = ViewController.m; sourceTree = "<group>"; };
		50C8238C17F4845B001BEFA7 /* Images.xcassets */ = {isa = PBXFileReference; lastKnownFileType = folder.assetcatalog; path = Images.xcassets; sourceTree = "<group>"; };
		50C8239217F4845B001BEFA7 /* NocBibleTests.xctest */ = {isa = PBXFileReference; explicitFileType = wrapper.cfbundle; includeInIndex = 0; path = NocBibleTests.xctest; sourceTree = BUILT_PRODUCTS_DIR; };
		50C8239317F4845B001BEFA7 /* XCTest.framework */ = {isa = PBXFileReference; lastKnownFileType = wrapper.framework; name = XCTest.framework; path = Library/Frameworks/XCTest.framework; sourceTree = DEVELOPER_DIR; };
		50C8239B17F4845B001BEFA7 /* NocBibleTests-Info.plist */ = {isa = PBXFileReference; lastKnownFileType = text.plist.xml; path = "NocBibleTests-Info.plist"; sourceTree = "<group>"; };
		50C8239D17F4845B001BEFA7 /* en */ = {isa = PBXFileReference; lastKnownFileType = text.plist.strings; name = en; path = en.lproj/InfoPlist.strings; sourceTree = "<group>"; };
		50C8239F17F4845B001BEFA7 /* NocBibleTests.m */ = {isa = PBXFileReference; lastKnownFileType = sourcecode.c.objc; path = NocBibleTests.m; sourceTree = "<group>"; };
		6519A6EB1864352500B43739 /* jquery.mobile-1.2.0-rc.2.min.js */ = {isa = PBXFileReference; fileEncoding = 4; lastKnownFileType = sourcecode.javascript; path = "jquery.mobile-1.2.0-rc.2.min.js"; sourceTree = "<group>"; };
		6519A6EC1864352500B43739 /* jquery.mobile-1.2.0-rc.2.min.css */ = {isa = PBXFileReference; fileEncoding = 4; lastKnownFileType = text.css; path = "jquery.mobile-1.2.0-rc.2.min.css"; sourceTree = "<group>"; };
		652389BF1833D670009ED99D /* Default-568h@2x.png */ = {isa = PBXFileReference; lastKnownFileType = image.png; path = "Default-568h@2x.png"; sourceTree = "<group>"; };
		652389C01833D670009ED99D /* Default-Landscape-1024@2x~ipad.png */ = {isa = PBXFileReference; lastKnownFileType = image.png; path = "Default-Landscape-1024@2x~ipad.png"; sourceTree = "<group>"; };
		652389C11833D670009ED99D /* Default-Landscape-1024~ipad.png */ = {isa = PBXFileReference; lastKnownFileType = image.png; path = "Default-Landscape-1024~ipad.png"; sourceTree = "<group>"; };
		652389C21833D670009ED99D /* Default-Landscape@2x~ipad.png */ = {isa = PBXFileReference; lastKnownFileType = image.png; path = "Default-Landscape@2x~ipad.png"; sourceTree = "<group>"; };
		652389C31833D670009ED99D /* Default-Landscape~ipad.png */ = {isa = PBXFileReference; lastKnownFileType = image.png; path = "Default-Landscape~ipad.png"; sourceTree = "<group>"; };
		652389C41833D670009ED99D /* Default-Portrait-1024@2x~ipad.png */ = {isa = PBXFileReference; lastKnownFileType = image.png; path = "Default-Portrait-1024@2x~ipad.png"; sourceTree = "<group>"; };
		652389C51833D670009ED99D /* Default-Portrait-1024~ipad.png */ = {isa = PBXFileReference; lastKnownFileType = image.png; path = "Default-Portrait-1024~ipad.png"; sourceTree = "<group>"; };
		652389C61833D670009ED99D /* Default-Portrait@2x~ipad.png */ = {isa = PBXFileReference; lastKnownFileType = image.png; path = "Default-Portrait@2x~ipad.png"; sourceTree = "<group>"; };
		652389C71833D670009ED99D /* Default-Portrait~ipad.png */ = {isa = PBXFileReference; lastKnownFileType = image.png; path = "Default-Portrait~ipad.png"; sourceTree = "<group>"; };
		652389C81833D670009ED99D /* Default.png */ = {isa = PBXFileReference; lastKnownFileType = image.png; path = Default.png; sourceTree = "<group>"; };
		652389C91833D670009ED99D /* Default~iphone.png */ = {isa = PBXFileReference; lastKnownFileType = image.png; path = "Default~iphone.png"; sourceTree = "<group>"; };
		6526ED881844E28F00F7EAC2 /* NocGame.html */ = {isa = PBXFileReference; fileEncoding = 4; lastKnownFileType = text.html; path = NocGame.html; sourceTree = "<group>"; };
		6526ED8A1844E37F00F7EAC2 /* gameimg2.png */ = {isa = PBXFileReference; lastKnownFileType = image.png; path = gameimg2.png; sourceTree = "<group>"; };
		6526ED8C1844E38500F7EAC2 /* obiettivimg.png */ = {isa = PBXFileReference; lastKnownFileType = image.png; path = obiettivimg.png; sourceTree = "<group>"; };
		6526ED8E1844E38B00F7EAC2 /* corpimg.png */ = {isa = PBXFileReference; lastKnownFileType = image.png; path = corpimg.png; sourceTree = "<group>"; };
		6526ED901844E4CF00F7EAC2 /* gioco.css */ = {isa = PBXFileReference; fileEncoding = 4; lastKnownFileType = text.css; path = gioco.css; sourceTree = "<group>"; };
		6526ED961844EB6700F7EAC2 /* jquery-1.5.1.min.js */ = {isa = PBXFileReference; fileEncoding = 4; lastKnownFileType = sourcecode.javascript; path = "jquery-1.5.1.min.js"; sourceTree = "<group>"; };
		6526ED981844EBA100F7EAC2 /* phonegap.0.9.4.js */ = {isa = PBXFileReference; fileEncoding = 4; lastKnownFileType = sourcecode.javascript; path = phonegap.0.9.4.js; sourceTree = "<group>"; };
		65A3E84A18633A9E00A98B1A /* corpo3.jpg */ = {isa = PBXFileReference; lastKnownFileType = image.jpeg; path = corpo3.jpg; sourceTree = "<group>"; };
		65A3E84C18633AA300A98B1A /* corpo2.jpg */ = {isa = PBXFileReference; lastKnownFileType = image.jpeg; path = corpo2.jpg; sourceTree = "<group>"; };
		65A3E84E18633AA800A98B1A /* corpo.jpg */ = {isa = PBXFileReference; lastKnownFileType = image.jpeg; path = corpo.jpg; sourceTree = "<group>"; };
		65A3E8561863714A00A98B1A /* congratulation.png */ = {isa = PBXFileReference; lastKnownFileType = image.png; path = congratulation.png; sourceTree = "<group>"; };
		65B6FF0F1845F33D009DEABF /* jquery.mobile-1.0.1.min.css */ = {isa = PBXFileReference; fileEncoding = 4; lastKnownFileType = text.css; path = "jquery.mobile-1.0.1.min.css"; sourceTree = "<group>"; };
		65B6FF111845F34D009DEABF /* jquery-1.9.1.min.js */ = {isa = PBXFileReference; fileEncoding = 4; lastKnownFileType = sourcecode.javascript; path = "jquery-1.9.1.min.js"; sourceTree = "<group>"; };
		65B6FF131845F361009DEABF /* jquery.mobile-1.3.2.min.js */ = {isa = PBXFileReference; fileEncoding = 4; lastKnownFileType = sourcecode.javascript; path = "jquery.mobile-1.3.2.min.js"; sourceTree = "<group>"; };
		65CF1F001833D4B1000EE463 /* code.photoswipe-3.0.5.min.js.map */ = {isa = PBXFileReference; fileEncoding = 4; lastKnownFileType = text; path = "code.photoswipe-3.0.5.min.js.map"; sourceTree = "<group>"; };
		65CF1F011833D4B1000EE463 /* code.photoswipe-3.0.5.js */ = {isa = PBXFileReference; fileEncoding = 4; lastKnownFileType = sourcecode.javascript; path = "code.photoswipe-3.0.5.js"; sourceTree = "<group>"; };
		65CF1F021833D4B1000EE463 /* code.photoswipe-3.0.5.min.js */ = {isa = PBXFileReference; fileEncoding = 4; lastKnownFileType = sourcecode.javascript; path = "code.photoswipe-3.0.5.min.js"; sourceTree = "<group>"; };
		65CF1F031833D4B1000EE463 /* code.photoswipe.jquery-3.0.5.js */ = {isa = PBXFileReference; fileEncoding = 4; lastKnownFileType = sourcecode.javascript; path = "code.photoswipe.jquery-3.0.5.js"; sourceTree = "<group>"; };
		65CF1F041833D4B1000EE463 /* code.photoswipe.jquery-3.0.5.min.js */ = {isa = PBXFileReference; fileEncoding = 4; lastKnownFileType = sourcecode.javascript; path = "code.photoswipe.jquery-3.0.5.min.js"; sourceTree = "<group>"; };
		65CF1F051833D4B1000EE463 /* klass.min.js */ = {isa = PBXFileReference; fileEncoding = 4; lastKnownFileType = sourcecode.javascript; path = klass.min.js; sourceTree = "<group>"; };
		65CF1F061833D4B1000EE463 /* NocBible.js */ = {isa = PBXFileReference; fileEncoding = 4; lastKnownFileType = sourcecode.javascript; path = NocBible.js; sourceTree = "<group>"; };
		65CF1F071833D4B1000EE463 /* 1536x2048.png */ = {isa = PBXFileReference; lastKnownFileType = image.png; path = 1536x2048.png; sourceTree = "<group>"; };
		65CF1F081833D4B1000EE463 /* backhome.png */ = {isa = PBXFileReference; lastKnownFileType = image.png; path = backhome.png; sourceTree = "<group>"; };
		65CF1F091833D4B1000EE463 /* blogicon.png */ = {isa = PBXFileReference; lastKnownFileType = image.png; path = blogicon.png; sourceTree = "<group>"; };
		65CF1F161833D4B1000EE463 /* facebookicon.png */ = {isa = PBXFileReference; lastKnownFileType = image.png; path = facebookicon.png; sourceTree = "<group>"; };
		65CF1F171833D4B1000EE463 /* favorite_ico.png */ = {isa = PBXFileReference; lastKnownFileType = image.png; path = favorite_ico.png; sourceTree = "<group>"; };
		65CF1F181833D4B1000EE463 /* flickricon.png */ = {isa = PBXFileReference; lastKnownFileType = image.png; path = flickricon.png; sourceTree = "<group>"; };
		65CF1F191833D4B1000EE463 /* gameimg.png */ = {isa = PBXFileReference; lastKnownFileType = image.png; path = gameimg.png; sourceTree = "<group>"; };
		65CF1F1B1833D4B1000EE463 /* home_ico.png */ = {isa = PBXFileReference; lastKnownFileType = image.png; path = home_ico.png; sourceTree = "<group>"; };
		65CF1F1C1833D4B1000EE463 /* home_ico18.png */ = {isa = PBXFileReference; lastKnownFileType = image.png; path = home_ico18.png; sourceTree = "<group>"; };
		65CF1F1D1833D4B1000EE463 /* icons-18-black.png */ = {isa = PBXFileReference; lastKnownFileType = image.png; path = "icons-18-black.png"; sourceTree = "<group>"; };
		65CF1F1E1833D4B1000EE463 /* icons-18-white.png */ = {isa = PBXFileReference; lastKnownFileType = image.png; path = "icons-18-white.png"; sourceTree = "<group>"; };
		65CF1F1F1833D4B1000EE463 /* icons-36-black.png */ = {isa = PBXFileReference; lastKnownFileType = image.png; path = "icons-36-black.png"; sourceTree = "<group>"; };
		65CF1F201833D4B1000EE463 /* icons-36-white.png */ = {isa = PBXFileReference; lastKnownFileType = image.png; path = "icons-36-white.png"; sourceTree = "<group>"; };
		65CF1F211833D4B1000EE463 /* icons.png */ = {isa = PBXFileReference; lastKnownFileType = image.png; path = icons.png; sourceTree = "<group>"; };
		65CF1F221833D4B1000EE463 /* icons@2x.png */ = {isa = PBXFileReference; lastKnownFileType = image.png; path = "icons@2x.png"; sourceTree = "<group>"; };
		65CF1F231833D4B1000EE463 /* info.png */ = {isa = PBXFileReference; lastKnownFileType = image.png; path = info.png; sourceTree = "<group>"; };
		65CF1F241833D4B1000EE463 /* info2.png */ = {isa = PBXFileReference; lastKnownFileType = image.png; path = info2.png; sourceTree = "<group>"; };
		65CF1F251833D4B1000EE463 /* logo_noc.png */ = {isa = PBXFileReference; lastKnownFileType = image.png; path = logo_noc.png; sourceTree = "<group>"; };
		65CF1F261833D4B1000EE463 /* noc_camera_bible.png */ = {isa = PBXFileReference; lastKnownFileType = image.png; path = noc_camera_bible.png; sourceTree = "<group>"; };
		65CF1F281833D4B1000EE463 /* otherpics_ico.png */ = {isa = PBXFileReference; lastKnownFileType = image.png; path = otherpics_ico.png; sourceTree = "<group>"; };
		65CF1F291833D4B1000EE463 /* otherpics_ico18.png */ = {isa = PBXFileReference; lastKnownFileType = image.png; path = otherpics_ico18.png; sourceTree = "<group>"; };
		65CF1F2A1833D4B1000EE463 /* share_ico.png */ = {isa = PBXFileReference; lastKnownFileType = image.png; path = share_ico.png; sourceTree = "<group>"; };
		65CF1F2B1833D4B1000EE463 /* share_ico18.png */ = {isa = PBXFileReference; lastKnownFileType = image.png; path = share_ico18.png; sourceTree = "<group>"; };
		65CF1F2C1833D4B1000EE463 /* sharefacebook.png */ = {isa = PBXFileReference; lastKnownFileType = image.png; path = sharefacebook.png; sourceTree = "<group>"; };
		65CF1F2D1833D4B1000EE463 /* sharegoogle.png */ = {isa = PBXFileReference; lastKnownFileType = image.png; path = sharegoogle.png; sourceTree = "<group>"; };
		65CF1F2E1833D4B1000EE463 /* twittericon.png */ = {isa = PBXFileReference; lastKnownFileType = image.png; path = twittericon.png; sourceTree = "<group>"; };
		65CF1F2F1833D4B1000EE463 /* NN1228_DSCN7197.jpg */ = {isa = PBXFileReference; lastKnownFileType = image.jpeg; path = NN1228_DSCN7197.jpg; sourceTree = "<group>"; };
		65CF1F301833D4B1000EE463 /* NN1596_DSCN0853.jpg */ = {isa = PBXFileReference; lastKnownFileType = image.jpeg; path = NN1596_DSCN0853.jpg; sourceTree = "<group>"; };
		65CF1F311833D4B1000EE463 /* corpo.html */ = {isa = PBXFileReference; fileEncoding = 4; lastKnownFileType = text.html; path = corpo.html; sourceTree = "<group>"; };
		65CF1F321833D4B1000EE463 /* immagini.html */ = {isa = PBXFileReference; fileEncoding = 4; lastKnownFileType = text.html; path = immagini.html; sourceTree = "<group>"; };
		65CF1F331833D4B1000EE463 /* immaginiOB.html */ = {isa = PBXFileReference; fileEncoding = 4; lastKnownFileType = text.html; path = immaginiOB.html; sourceTree = "<group>"; };
		65CF1F341833D4B1000EE463 /* info.html */ = {isa = PBXFileReference; fileEncoding = 4; lastKnownFileType = text.html; path = info.html; sourceTree = "<group>"; };
		65CF1F351833D4B1000EE463 /* NocBible.html */ = {isa = PBXFileReference; fileEncoding = 4; lastKnownFileType = text.html; path = NocBible.html; sourceTree = "<group>"; };
		65CF1F361833D4B1000EE463 /* obiettivo.html */ = {isa = PBXFileReference; fileEncoding = 4; lastKnownFileType = text.html; path = obiettivo.html; sourceTree = "<group>"; };
		65CF1F371833D4B1000EE463 /* ajax-loader.gif */ = {isa = PBXFileReference; lastKnownFileType = image.gif; path = "ajax-loader.gif"; sourceTree = "<group>"; };
		65CF1F381833D4B1000EE463 /* codecomputerlovelogo.gif */ = {isa = PBXFileReference; lastKnownFileType = image.gif; path = codecomputerlovelogo.gif; sourceTree = "<group>"; };
		65CF1F391833D4B1000EE463 /* error.gif */ = {isa = PBXFileReference; lastKnownFileType = image.gif; path = error.gif; sourceTree = "<group>"; };
		65CF1F3A1833D4B1000EE463 /* loader.gif */ = {isa = PBXFileReference; lastKnownFileType = image.gif; path = loader.gif; sourceTree = "<group>"; };
		65CF1F3B1833D4B1000EE463 /* imot.css */ = {isa = PBXFileReference; fileEncoding = 4; lastKnownFileType = text.css; path = imot.css; sourceTree = "<group>"; };
		65CF1F3C1833D4B1000EE463 /* imot.min.css */ = {isa = PBXFileReference; fileEncoding = 4; lastKnownFileType = text.css; path = imot.min.css; sourceTree = "<group>"; };
		65CF1F3D1833D4B1000EE463 /* jquery-mobile.css */ = {isa = PBXFileReference; fileEncoding = 4; lastKnownFileType = text.css; path = "jquery-mobile.css"; sourceTree = "<group>"; };
		65CF1F3E1833D4B1000EE463 /* photoswipe.css */ = {isa = PBXFileReference; fileEncoding = 4; lastKnownFileType = text.css; path = photoswipe.css; sourceTree = "<group>"; };
		65CF1F3F1833D4B1000EE463 /* styles.css */ = {isa = PBXFileReference; fileEncoding = 4; lastKnownFileType = text.css; path = styles.css; sourceTree = "<group>"; };
		65CF1F401833D4B1000EE463 /* M8CLICK.mp3 */ = {isa = PBXFileReference; lastKnownFileType = audio.mp3; path = M8CLICK.mp3; sourceTree = "<group>"; };
		65CF1F411833D4B1000EE463 /* NocBible.asmx */ = {isa = PBXFileReference; fileEncoding = 4; lastKnownFileType = text; path = NocBible.asmx; sourceTree = "<group>"; };
		65D6157C184748FA0050EAF2 /* obiettivo.jpg */ = {isa = PBXFileReference; lastKnownFileType = image.jpeg; path = obiettivo.jpg; sourceTree = "<group>"; };
		65D6157E184749000050EAF2 /* accessorio.jpg */ = {isa = PBXFileReference; lastKnownFileType = image.jpeg; path = accessorio.jpg; sourceTree = "<group>"; };
		65D615801847585E0050EAF2 /* accessorio2.jpg */ = {isa = PBXFileReference; lastKnownFileType = image.jpeg; path = accessorio2.jpg; sourceTree = "<group>"; };
		65D61582184758640050EAF2 /* obiettivo2.jpg */ = {isa = PBXFileReference; lastKnownFileType = image.jpeg; path = obiettivo2.jpg; sourceTree = "<group>"; };
/* End PBXFileReference section */

/* Begin PBXFrameworksBuildPhase section */
		50C8236B17F4845B001BEFA7 /* Frameworks */ = {
			isa = PBXFrameworksBuildPhase;
			buildActionMask = 2147483647;
			files = (
				5076B99B17F594A8008D2F26 /* SystemConfiguration.framework in Frameworks */,
				50C8237417F4845B001BEFA7 /* CoreGraphics.framework in Frameworks */,
				50C8237617F4845B001BEFA7 /* UIKit.framework in Frameworks */,
				50C8237217F4845B001BEFA7 /* Foundation.framework in Frameworks */,
			);
			runOnlyForDeploymentPostprocessing = 0;
		};
		50C8238F17F4845B001BEFA7 /* Frameworks */ = {
			isa = PBXFrameworksBuildPhase;
			buildActionMask = 2147483647;
			files = (
				50C8239417F4845B001BEFA7 /* XCTest.framework in Frameworks */,
				50C8239617F4845B001BEFA7 /* UIKit.framework in Frameworks */,
				50C8239517F4845B001BEFA7 /* Foundation.framework in Frameworks */,
			);
			runOnlyForDeploymentPostprocessing = 0;
		};
/* End PBXFrameworksBuildPhase section */

/* Begin PBXGroup section */
		502E202118045DD5001A8C4A /* Resources */ = {
			isa = PBXGroup;
			children = (
				65CF1F071833D4B1000EE463 /* 1536x2048.png */,
				65D6157E184749000050EAF2 /* accessorio.jpg */,
				65D615801847585E0050EAF2 /* accessorio2.jpg */,
				65CF1F371833D4B1000EE463 /* ajax-loader.gif */,
				65CF1F081833D4B1000EE463 /* backhome.png */,
				65CF1F091833D4B1000EE463 /* blogicon.png */,
				65CF1F011833D4B1000EE463 /* code.photoswipe-3.0.5.js */,
				65CF1F021833D4B1000EE463 /* code.photoswipe-3.0.5.min.js */,
				65CF1F001833D4B1000EE463 /* code.photoswipe-3.0.5.min.js.map */,
				65CF1F031833D4B1000EE463 /* code.photoswipe.jquery-3.0.5.js */,
				65CF1F041833D4B1000EE463 /* code.photoswipe.jquery-3.0.5.min.js */,
				65CF1F381833D4B1000EE463 /* codecomputerlovelogo.gif */,
				65A3E8561863714A00A98B1A /* congratulation.png */,
				6526ED8E1844E38B00F7EAC2 /* corpimg.png */,
				65CF1F311833D4B1000EE463 /* corpo.html */,
				65A3E84E18633AA800A98B1A /* corpo.jpg */,
				65A3E84C18633AA300A98B1A /* corpo2.jpg */,
				65A3E84A18633A9E00A98B1A /* corpo3.jpg */,
				65CF1F391833D4B1000EE463 /* error.gif */,
				65CF1F161833D4B1000EE463 /* facebookicon.png */,
				65CF1F171833D4B1000EE463 /* favorite_ico.png */,
				65CF1F181833D4B1000EE463 /* flickricon.png */,
				65CF1F191833D4B1000EE463 /* gameimg.png */,
				6526ED8A1844E37F00F7EAC2 /* gameimg2.png */,
				6526ED901844E4CF00F7EAC2 /* gioco.css */,
				65CF1F1B1833D4B1000EE463 /* home_ico.png */,
				65CF1F1C1833D4B1000EE463 /* home_ico18.png */,
				65CF1F1D1833D4B1000EE463 /* icons-18-black.png */,
				65CF1F1E1833D4B1000EE463 /* icons-18-white.png */,
				65CF1F1F1833D4B1000EE463 /* icons-36-black.png */,
				65CF1F201833D4B1000EE463 /* icons-36-white.png */,
				65CF1F211833D4B1000EE463 /* icons.png */,
				65CF1F221833D4B1000EE463 /* icons@2x.png */,
				65CF1F321833D4B1000EE463 /* immagini.html */,
				65CF1F331833D4B1000EE463 /* immaginiOB.html */,
				65CF1F3B1833D4B1000EE463 /* imot.css */,
				65CF1F3C1833D4B1000EE463 /* imot.min.css */,
				65CF1F341833D4B1000EE463 /* info.html */,
				65CF1F231833D4B1000EE463 /* info.png */,
				65CF1F241833D4B1000EE463 /* info2.png */,
				6526ED961844EB6700F7EAC2 /* jquery-1.5.1.min.js */,
				65B6FF111845F34D009DEABF /* jquery-1.9.1.min.js */,
				65CF1F3D1833D4B1000EE463 /* jquery-mobile.css */,
				65B6FF0F1845F33D009DEABF /* jquery.mobile-1.0.1.min.css */,
				6519A6EC1864352500B43739 /* jquery.mobile-1.2.0-rc.2.min.css */,
				6519A6EB1864352500B43739 /* jquery.mobile-1.2.0-rc.2.min.js */,
				65B6FF131845F361009DEABF /* jquery.mobile-1.3.2.min.js */,
				65CF1F051833D4B1000EE463 /* klass.min.js */,
				65CF1F3A1833D4B1000EE463 /* loader.gif */,
				65CF1F251833D4B1000EE463 /* logo_noc.png */,
				65CF1F401833D4B1000EE463 /* M8CLICK.mp3 */,
				65CF1F2F1833D4B1000EE463 /* NN1228_DSCN7197.jpg */,
				65CF1F301833D4B1000EE463 /* NN1596_DSCN0853.jpg */,
				65CF1F261833D4B1000EE463 /* noc_camera_bible.png */,
				65CF1F411833D4B1000EE463 /* NocBible.asmx */,
				65CF1F351833D4B1000EE463 /* NocBible.html */,
				65CF1F061833D4B1000EE463 /* NocBible.js */,
				6526ED881844E28F00F7EAC2 /* NocGame.html */,
				6526ED8C1844E38500F7EAC2 /* obiettivimg.png */,
				65CF1F361833D4B1000EE463 /* obiettivo.html */,
				65D6157C184748FA0050EAF2 /* obiettivo.jpg */,
				65D61582184758640050EAF2 /* obiettivo2.jpg */,
				65CF1F281833D4B1000EE463 /* otherpics_ico.png */,
				65CF1F291833D4B1000EE463 /* otherpics_ico18.png */,
				6526ED981844EBA100F7EAC2 /* phonegap.0.9.4.js */,
				65CF1F3E1833D4B1000EE463 /* photoswipe.css */,
				65CF1F2A1833D4B1000EE463 /* share_ico.png */,
				65CF1F2B1833D4B1000EE463 /* share_ico18.png */,
				65CF1F2C1833D4B1000EE463 /* sharefacebook.png */,
				65CF1F2D1833D4B1000EE463 /* sharegoogle.png */,
				65CF1F3F1833D4B1000EE463 /* styles.css */,
				65CF1F2E1833D4B1000EE463 /* twittericon.png */,
			);
			name = Resources;
			sourceTree = "<group>";
		};
		50C8236517F4845B001BEFA7 = {
			isa = PBXGroup;
			children = (
				50C8237717F4845B001BEFA7 /* NocBible */,
				50C8239917F4845B001BEFA7 /* NocBibleTests */,
				50C8237017F4845B001BEFA7 /* Frameworks */,
				50C8236F17F4845B001BEFA7 /* Products */,
			);
			sourceTree = "<group>";
		};
		50C8236F17F4845B001BEFA7 /* Products */ = {
			isa = PBXGroup;
			children = (
				50C8236E17F4845B001BEFA7 /* NocBible.app */,
				50C8239217F4845B001BEFA7 /* NocBibleTests.xctest */,
			);
			name = Products;
			sourceTree = "<group>";
		};
		50C8237017F4845B001BEFA7 /* Frameworks */ = {
			isa = PBXGroup;
			children = (
				5076B99A17F594A8008D2F26 /* SystemConfiguration.framework */,
				50C8237117F4845B001BEFA7 /* Foundation.framework */,
				50C8237317F4845B001BEFA7 /* CoreGraphics.framework */,
				50C8237517F4845B001BEFA7 /* UIKit.framework */,
				50C8239317F4845B001BEFA7 /* XCTest.framework */,
			);
			name = Frameworks;
			sourceTree = "<group>";
		};
		50C8237717F4845B001BEFA7 /* NocBible */ = {
			isa = PBXGroup;
			children = (
				652DEC2B1806FF9700A6A878 /* icone_launch */,
				502E202118045DD5001A8C4A /* Resources */,
				5076B99717F59393008D2F26 /* Reachability.h */,
				5076B99817F5939B008D2F26 /* Reachability.m */,
				50C8238017F4845B001BEFA7 /* AppDelegate.h */,
				50C8238117F4845B001BEFA7 /* AppDelegate.m */,
				50C8238617F4845B001BEFA7 /* Main_iPad.storyboard */,
				50C8238917F4845B001BEFA7 /* ViewController.h */,
				50C8238317F4845B001BEFA7 /* Main_iPhone.storyboard */,
				50C8238A17F4845B001BEFA7 /* ViewController.m */,
				50C8238C17F4845B001BEFA7 /* Images.xcassets */,
				50C8237817F4845B001BEFA7 /* Supporting Files */,
			);
			path = NocBible;
			sourceTree = "<group>";
		};
		50C8237817F4845B001BEFA7 /* Supporting Files */ = {
			isa = PBXGroup;
			children = (
				50C8237917F4845B001BEFA7 /* NocBible-Info.plist */,
				50C8237A17F4845B001BEFA7 /* InfoPlist.strings */,
				50C8237D17F4845B001BEFA7 /* main.m */,
				50C8237F17F4845B001BEFA7 /* NocBible-Prefix.pch */,
			);
			name = "Supporting Files";
			sourceTree = "<group>";
		};
		50C8239917F4845B001BEFA7 /* NocBibleTests */ = {
			isa = PBXGroup;
			children = (
				50C8239F17F4845B001BEFA7 /* NocBibleTests.m */,
				50C8239A17F4845B001BEFA7 /* Supporting Files */,
			);
			path = NocBibleTests;
			sourceTree = "<group>";
		};
		50C8239A17F4845B001BEFA7 /* Supporting Files */ = {
			isa = PBXGroup;
			children = (
				50C8239B17F4845B001BEFA7 /* NocBibleTests-Info.plist */,
				50C8239C17F4845B001BEFA7 /* InfoPlist.strings */,
			);
			name = "Supporting Files";
			sourceTree = "<group>";
		};
		652DEC2B1806FF9700A6A878 /* icone_launch */ = {
			isa = PBXGroup;
			children = (
				652389BF1833D670009ED99D /* Default-568h@2x.png */,
				652389C01833D670009ED99D /* Default-Landscape-1024@2x~ipad.png */,
				652389C11833D670009ED99D /* Default-Landscape-1024~ipad.png */,
				652389C21833D670009ED99D /* Default-Landscape@2x~ipad.png */,
				652389C31833D670009ED99D /* Default-Landscape~ipad.png */,
				652389C41833D670009ED99D /* Default-Portrait-1024@2x~ipad.png */,
				652389C51833D670009ED99D /* Default-Portrait-1024~ipad.png */,
				652389C61833D670009ED99D /* Default-Portrait@2x~ipad.png */,
				652389C71833D670009ED99D /* Default-Portrait~ipad.png */,
				652389C81833D670009ED99D /* Default.png */,
				652389C91833D670009ED99D /* Default~iphone.png */,
			);
			name = icone_launch;
			sourceTree = "<group>";
		};
/* End PBXGroup section */

/* Begin PBXNativeTarget section */
		50C8236D17F4845B001BEFA7 /* NocBible */ = {
			isa = PBXNativeTarget;
			buildConfigurationList = 50C823A317F4845C001BEFA7 /* Build configuration list for PBXNativeTarget "NocBible" */;
			buildPhases = (
				50C8236A17F4845B001BEFA7 /* Sources */,
				50C8236B17F4845B001BEFA7 /* Frameworks */,
				50C8236C17F4845B001BEFA7 /* Resources */,
			);
			buildRules = (
			);
			dependencies = (
			);
			name = NocBible;
			productName = NocBible;
			productReference = 50C8236E17F4845B001BEFA7 /* NocBible.app */;
			productType = "com.apple.product-type.application";
		};
		50C8239117F4845B001BEFA7 /* NocBibleTests */ = {
			isa = PBXNativeTarget;
			buildConfigurationList = 50C823A617F4845C001BEFA7 /* Build configuration list for PBXNativeTarget "NocBibleTests" */;
			buildPhases = (
				50C8238E17F4845B001BEFA7 /* Sources */,
				50C8238F17F4845B001BEFA7 /* Frameworks */,
				50C8239017F4845B001BEFA7 /* Resources */,
			);
			buildRules = (
			);
			dependencies = (
				50C8239817F4845B001BEFA7 /* PBXTargetDependency */,
			);
			name = NocBibleTests;
			productName = NocBibleTests;
			productReference = 50C8239217F4845B001BEFA7 /* NocBibleTests.xctest */;
			productType = "com.apple.product-type.bundle.unit-test";
		};
/* End PBXNativeTarget section */

/* Begin PBXProject section */
		50C8236617F4845B001BEFA7 /* Project object */ = {
			isa = PBXProject;
			attributes = {
				LastUpgradeCheck = 0500;
				ORGANIZATIONNAME = "Massimiliano Gorreri";
				TargetAttributes = {
					50C8236D17F4845B001BEFA7 = {
						DevelopmentTeam = U3CUZMFW6K;
					};
					50C8239117F4845B001BEFA7 = {
						TestTargetID = 50C8236D17F4845B001BEFA7;
					};
				};
			};
			buildConfigurationList = 50C8236917F4845B001BEFA7 /* Build configuration list for PBXProject "NocBible" */;
			compatibilityVersion = "Xcode 3.2";
			developmentRegion = English;
			hasScannedForEncodings = 0;
			knownRegions = (
				en,
				Base,
			);
			mainGroup = 50C8236517F4845B001BEFA7;
			productRefGroup = 50C8236F17F4845B001BEFA7 /* Products */;
			projectDirPath = "";
			projectRoot = "";
			targets = (
				50C8236D17F4845B001BEFA7 /* NocBible */,
				50C8239117F4845B001BEFA7 /* NocBibleTests */,
			);
		};
/* End PBXProject section */

/* Begin PBXResourcesBuildPhase section */
		50C8236C17F4845B001BEFA7 /* Resources */ = {
			isa = PBXResourcesBuildPhase;
			buildActionMask = 2147483647;
			files = (
				65B6FF151845F380009DEABF /* jquery-1.9.1.min.js in Resources */,
				65B6FF161845F380009DEABF /* jquery.mobile-1.3.2.min.js in Resources */,
				6526EDA01844F21E00F7EAC2 /* backhome.png in Resources */,
				6526EDA11844F21E00F7EAC2 /* phonegap.0.9.4.js in Resources */,
				6526EDA21844F21E00F7EAC2 /* jquery-1.5.1.min.js in Resources */,
				654617A61835327600AB898E /* NocBible.js in Resources */,
				65CF1F771833D4B1000EE463 /* NocBible.html in Resources */,
				65CF1F731833D4B1000EE463 /* corpo.html in Resources */,
				652389CE1833D670009ED99D /* Default-Landscape~ipad.png in Resources */,
				65A3E84D18633AA300A98B1A /* corpo2.jpg in Resources */,
				65CF1F5B1833D4B1000EE463 /* gameimg.png in Resources */,
				65CF1F5E1833D4B1000EE463 /* home_ico18.png in Resources */,
				65CF1F781833D4B1000EE463 /* obiettivo.html in Resources */,
				65CF1F591833D4B1000EE463 /* favorite_ico.png in Resources */,
				65CF1F5F1833D4B1000EE463 /* icons-18-black.png in Resources */,
				65CF1F6F1833D4B1000EE463 /* sharegoogle.png in Resources */,
				65CF1F7C1833D4B1000EE463 /* loader.gif in Resources */,
				65D6157F184749000050EAF2 /* accessorio.jpg in Resources */,
				652389D41833D670009ED99D /* Default~iphone.png in Resources */,
				65CF1F631833D4B1000EE463 /* icons.png in Resources */,
				652389CB1833D670009ED99D /* Default-Landscape-1024@2x~ipad.png in Resources */,
				65B6FF101845F33D009DEABF /* jquery.mobile-1.0.1.min.css in Resources */,
				652389CF1833D670009ED99D /* Default-Portrait-1024@2x~ipad.png in Resources */,
				652389CA1833D670009ED99D /* Default-568h@2x.png in Resources */,
				65CF1F651833D4B1000EE463 /* info.png in Resources */,
				65CF1F6B1833D4B1000EE463 /* otherpics_ico18.png in Resources */,
				65CF1F681833D4B1000EE463 /* noc_camera_bible.png in Resources */,
				65CF1F721833D4B1000EE463 /* NN1596_DSCN0853.jpg in Resources */,
				65CF1F581833D4B1000EE463 /* facebookicon.png in Resources */,
				65CF1F6D1833D4B1000EE463 /* share_ico18.png in Resources */,
				65D615811847585E0050EAF2 /* accessorio2.jpg in Resources */,
				65CF1F801833D4B1000EE463 /* photoswipe.css in Resources */,
				65CF1F7F1833D4B1000EE463 /* jquery-mobile.css in Resources */,
				652389D11833D670009ED99D /* Default-Portrait@2x~ipad.png in Resources */,
				65CF1F7D1833D4B1000EE463 /* imot.css in Resources */,
				65CF1F761833D4B1000EE463 /* info.html in Resources */,
				65CF1F4B1833D4B1000EE463 /* blogicon.png in Resources */,
				6526ED8B1844E37F00F7EAC2 /* gameimg2.png in Resources */,
				6526ED8F1844E38B00F7EAC2 /* corpimg.png in Resources */,
				65CF1F6C1833D4B1000EE463 /* share_ico.png in Resources */,
				6526ED8D1844E38500F7EAC2 /* obiettivimg.png in Resources */,
				65D61583184758640050EAF2 /* obiettivo2.jpg in Resources */,
				65CF1F821833D4B1000EE463 /* M8CLICK.mp3 in Resources */,
				65CF1F791833D4B1000EE463 /* ajax-loader.gif in Resources */,
				6526ED891844E28F00F7EAC2 /* NocGame.html in Resources */,
				652389CC1833D670009ED99D /* Default-Landscape-1024~ipad.png in Resources */,
				652389D21833D670009ED99D /* Default-Portrait~ipad.png in Resources */,
				6526ED911844E4CF00F7EAC2 /* gioco.css in Resources */,
				65A3E8571863714A00A98B1A /* congratulation.png in Resources */,
				65CF1F491833D4B1000EE463 /* 1536x2048.png in Resources */,
				65CF1F601833D4B1000EE463 /* icons-18-white.png in Resources */,
				65CF1F701833D4B1000EE463 /* twittericon.png in Resources */,
				65CF1F6E1833D4B1000EE463 /* sharefacebook.png in Resources */,
				65CF1F751833D4B1000EE463 /* immaginiOB.html in Resources */,
				65CF1F621833D4B1000EE463 /* icons-36-white.png in Resources */,
				65CF1F711833D4B1000EE463 /* NN1228_DSCN7197.jpg in Resources */,
				50C8238D17F4845B001BEFA7 /* Images.xcassets in Resources */,
				65CF1F7E1833D4B1000EE463 /* imot.min.css in Resources */,
				652389D31833D670009ED99D /* Default.png in Resources */,
				65CF1F7B1833D4B1000EE463 /* error.gif in Resources */,
				65CF1F641833D4B1000EE463 /* icons@2x.png in Resources */,
				65CF1F7A1833D4B1000EE463 /* codecomputerlovelogo.gif in Resources */,
				65CF1F611833D4B1000EE463 /* icons-36-black.png in Resources */,
				65CF1F5D1833D4B1000EE463 /* home_ico.png in Resources */,
				65CF1F661833D4B1000EE463 /* info2.png in Resources */,
				65CF1F6A1833D4B1000EE463 /* otherpics_ico.png in Resources */,
				652389D01833D670009ED99D /* Default-Portrait-1024~ipad.png in Resources */,
				652389CD1833D670009ED99D /* Default-Landscape@2x~ipad.png in Resources */,
				65A3E84F18633AA800A98B1A /* corpo.jpg in Resources */,
				65CF1F5A1833D4B1000EE463 /* flickricon.png in Resources */,
				65CF1F421833D4B1000EE463 /* code.photoswipe-3.0.5.min.js.map in Resources */,
				65CF1F671833D4B1000EE463 /* logo_noc.png in Resources */,
				65A3E84B18633A9E00A98B1A /* corpo3.jpg in Resources */,
				65D6157D184748FA0050EAF2 /* obiettivo.jpg in Resources */,
				6519A6EE1864352500B43739 /* jquery.mobile-1.2.0-rc.2.min.css in Resources */,
				65CF1F741833D4B1000EE463 /* immagini.html in Resources */,
				50C8237C17F4845B001BEFA7 /* InfoPlist.strings in Resources */,
				65CF1F811833D4B1000EE463 /* styles.css in Resources */,
			);
			runOnlyForDeploymentPostprocessing = 0;
		};
		50C8239017F4845B001BEFA7 /* Resources */ = {
			isa = PBXResourcesBuildPhase;
			buildActionMask = 2147483647;
			files = (
				50C8239E17F4845B001BEFA7 /* InfoPlist.strings in Resources */,
			);
			runOnlyForDeploymentPostprocessing = 0;
		};
/* End PBXResourcesBuildPhase section */

/* Begin PBXSourcesBuildPhase section */
		50C8236A17F4845B001BEFA7 /* Sources */ = {
			isa = PBXSourcesBuildPhase;
			buildActionMask = 2147483647;
			files = (
				50C8238B17F4845B001BEFA7 /* ViewController.m in Sources */,
				50C8238217F4845B001BEFA7 /* AppDelegate.m in Sources */,
				5076B99917F5939B008D2F26 /* Reachability.m in Sources */,
				50C8237E17F4845B001BEFA7 /* main.m in Sources */,
			);
			runOnlyForDeploymentPostprocessing = 0;
		};
		50C8238E17F4845B001BEFA7 /* Sources */ = {
			isa = PBXSourcesBuildPhase;
			buildActionMask = 2147483647;
			files = (
				50C823A017F4845B001BEFA7 /* NocBibleTests.m in Sources */,
			);
			runOnlyForDeploymentPostprocessing = 0;
		};
/* End PBXSourcesBuildPhase section */

/* Begin PBXTargetDependency section */
		50C8239817F4845B001BEFA7 /* PBXTargetDependency */ = {
			isa = PBXTargetDependency;
			target = 50C8236D17F4845B001BEFA7 /* NocBible */;
			targetProxy = 50C8239717F4845B001BEFA7 /* PBXContainerItemProxy */;
		};
/* End PBXTargetDependency section */

/* Begin PBXVariantGroup section */
		50C8237A17F4845B001BEFA7 /* InfoPlist.strings */ = {
			isa = PBXVariantGroup;
			children = (
				50C8237B17F4845B001BEFA7 /* en */,
			);
			name = InfoPlist.strings;
			sourceTree = "<group>";
		};
		50C8238317F4845B001BEFA7 /* Main_iPhone.storyboard */ = {
			isa = PBXVariantGroup;
			children = (
				50C8238417F4845B001BEFA7 /* Base */,
			);
			name = Main_iPhone.storyboard;
			sourceTree = "<group>";
		};
		50C8238617F4845B001BEFA7 /* Main_iPad.storyboard */ = {
			isa = PBXVariantGroup;
			children = (
				50C8238717F4845B001BEFA7 /* Base */,
			);
			name = Main_iPad.storyboard;
			sourceTree = "<group>";
		};
		50C8239C17F4845B001BEFA7 /* InfoPlist.strings */ = {
			isa = PBXVariantGroup;
			children = (
				50C8239D17F4845B001BEFA7 /* en */,
			);
			name = InfoPlist.strings;
			sourceTree = "<group>";
		};
/* End PBXVariantGroup section */

/* Begin XCBuildConfiguration section */
		50C823A117F4845C001BEFA7 /* Debug */ = {
			isa = XCBuildConfiguration;
			buildSettings = {
				ALWAYS_SEARCH_USER_PATHS = NO;
				CLANG_CXX_LANGUAGE_STANDARD = "gnu++0x";
				CLANG_CXX_LIBRARY = "libc++";
				CLANG_ENABLE_MODULES = YES;
				CLANG_ENABLE_OBJC_ARC = YES;
				CLANG_WARN_BOOL_CONVERSION = YES;
				CLANG_WARN_CONSTANT_CONVERSION = YES;
				CLANG_WARN_DIRECT_OBJC_ISA_USAGE = YES_ERROR;
				CLANG_WARN_EMPTY_BODY = YES;
				CLANG_WARN_ENUM_CONVERSION = YES;
				CLANG_WARN_INT_CONVERSION = YES;
				CLANG_WARN_OBJC_ROOT_CLASS = YES_ERROR;
				CLANG_WARN__DUPLICATE_METHOD_MATCH = YES;
				"CODE_SIGN_IDENTITY[sdk=iphoneos*]" = "iPhone Developer";
				COPY_PHASE_STRIP = NO;
				GCC_C_LANGUAGE_STANDARD = gnu99;
				GCC_DYNAMIC_NO_PIC = NO;
				GCC_OPTIMIZATION_LEVEL = 0;
				GCC_PREPROCESSOR_DEFINITIONS = (
					"DEBUG=1",
					"$(inherited)",
				);
				GCC_SYMBOLS_PRIVATE_EXTERN = NO;
				GCC_WARN_64_TO_32_BIT_CONVERSION = YES;
				GCC_WARN_ABOUT_RETURN_TYPE = YES_ERROR;
				GCC_WARN_UNDECLARED_SELECTOR = YES;
				GCC_WARN_UNINITIALIZED_AUTOS = YES;
				GCC_WARN_UNUSED_FUNCTION = YES;
				GCC_WARN_UNUSED_VARIABLE = YES;
				IPHONEOS_DEPLOYMENT_TARGET = 7.0;
				ONLY_ACTIVE_ARCH = YES;
				SDKROOT = iphoneos;
				TARGETED_DEVICE_FAMILY = "1,2";
			};
			name = Debug;
		};
		50C823A217F4845C001BEFA7 /* Release */ = {
			isa = XCBuildConfiguration;
			buildSettings = {
				ALWAYS_SEARCH_USER_PATHS = NO;
				CLANG_CXX_LANGUAGE_STANDARD = "gnu++0x";
				CLANG_CXX_LIBRARY = "libc++";
				CLANG_ENABLE_MODULES = YES;
				CLANG_ENABLE_OBJC_ARC = YES;
				CLANG_WARN_BOOL_CONVERSION = YES;
				CLANG_WARN_CONSTANT_CONVERSION = YES;
				CLANG_WARN_DIRECT_OBJC_ISA_USAGE = YES_ERROR;
				CLANG_WARN_EMPTY_BODY = YES;
				CLANG_WARN_ENUM_CONVERSION = YES;
				CLANG_WARN_INT_CONVERSION = YES;
				CLANG_WARN_OBJC_ROOT_CLASS = YES_ERROR;
				CLANG_WARN__DUPLICATE_METHOD_MATCH = YES;
				"CODE_SIGN_IDENTITY[sdk=iphoneos*]" = "iPhone Developer";
				COPY_PHASE_STRIP = YES;
				ENABLE_NS_ASSERTIONS = NO;
				GCC_C_LANGUAGE_STANDARD = gnu99;
				GCC_WARN_64_TO_32_BIT_CONVERSION = YES;
				GCC_WARN_ABOUT_RETURN_TYPE = YES_ERROR;
				GCC_WARN_UNDECLARED_SELECTOR = YES;
				GCC_WARN_UNINITIALIZED_AUTOS = YES;
				GCC_WARN_UNUSED_FUNCTION = YES;
				GCC_WARN_UNUSED_VARIABLE = YES;
				IPHONEOS_DEPLOYMENT_TARGET = 7.0;
				SDKROOT = iphoneos;
				TARGETED_DEVICE_FAMILY = "1,2";
				VALIDATE_PRODUCT = YES;
			};
			name = Release;
		};
		50C823A417F4845C001BEFA7 /* Debug */ = {
			isa = XCBuildConfiguration;
			buildSettings = {
				ASSETCATALOG_COMPILER_APPICON_NAME = AppIcon;
				CODE_SIGN_IDENTITY = "";
				"CODE_SIGN_IDENTITY[sdk=iphoneos*]" = "";
				FRAMEWORK_SEARCH_PATHS = (
					"$(inherited)",
					/Users/Daniela/XCodeGit/NocBible_Apple,
				);
				GCC_PRECOMPILE_PREFIX_HEADER = YES;
				GCC_PREFIX_HEADER = "NocBible/NocBible-Prefix.pch";
				INFOPLIST_FILE = "NocBible/NocBible-Info.plist";
				IPHONEOS_DEPLOYMENT_TARGET = 6.1;
				PRODUCT_NAME = "$(TARGET_NAME)";
				PROVISIONING_PROFILE = "12BF7276-4F7E-4556-9A58-A67A403D7E84";
				WRAPPER_EXTENSION = app;
			};
			name = Debug;
		};
		50C823A517F4845C001BEFA7 /* Release */ = {
			isa = XCBuildConfiguration;
			buildSettings = {
				ASSETCATALOG_COMPILER_APPICON_NAME = AppIcon;
				CODE_SIGN_IDENTITY = "";
				"CODE_SIGN_IDENTITY[sdk=iphoneos*]" = "";
				FRAMEWORK_SEARCH_PATHS = (
					"$(inherited)",
					/Users/Daniela/XCodeGit/NocBible_Apple,
				);
				GCC_PRECOMPILE_PREFIX_HEADER = YES;
				GCC_PREFIX_HEADER = "NocBible/NocBible-Prefix.pch";
				INFOPLIST_FILE = "NocBible/NocBible-Info.plist";
				IPHONEOS_DEPLOYMENT_TARGET = 6.1;
				PRODUCT_NAME = "$(TARGET_NAME)";
				PROVISIONING_PROFILE = "12BF7276-4F7E-4556-9A58-A67A403D7E84";
				WRAPPER_EXTENSION = app;
			};
			name = Release;
		};
		50C823A717F4845C001BEFA7 /* Debug */ = {
			isa = XCBuildConfiguration;
			buildSettings = {
				BUNDLE_LOADER = "$(BUILT_PRODUCTS_DIR)/NocBible.app/NocBible";
				FRAMEWORK_SEARCH_PATHS = (
					"$(SDKROOT)/Developer/Library/Frameworks",
					"$(inherited)",
					"$(DEVELOPER_FRAMEWORKS_DIR)",
				);
				GCC_PRECOMPILE_PREFIX_HEADER = YES;
				GCC_PREFIX_HEADER = "NocBible/NocBible-Prefix.pch";
				GCC_PREPROCESSOR_DEFINITIONS = (
					"DEBUG=1",
					"$(inherited)",
				);
				INFOPLIST_FILE = "NocBibleTests/NocBibleTests-Info.plist";
				PRODUCT_NAME = "$(TARGET_NAME)";
				TEST_HOST = "$(BUNDLE_LOADER)";
				WRAPPER_EXTENSION = xctest;
			};
			name = Debug;
		};
		50C823A817F4845C001BEFA7 /* Release */ = {
			isa = XCBuildConfiguration;
			buildSettings = {
				BUNDLE_LOADER = "$(BUILT_PRODUCTS_DIR)/NocBible.app/NocBible";
				FRAMEWORK_SEARCH_PATHS = (
					"$(SDKROOT)/Developer/Library/Frameworks",
					"$(inherited)",
					"$(DEVELOPER_FRAMEWORKS_DIR)",
				);
				GCC_PRECOMPILE_PREFIX_HEADER = YES;
				GCC_PREFIX_HEADER = "NocBible/NocBible-Prefix.pch";
				INFOPLIST_FILE = "NocBibleTests/NocBibleTests-Info.plist";
				PRODUCT_NAME = "$(TARGET_NAME)";
				TEST_HOST = "$(BUNDLE_LOADER)";
				WRAPPER_EXTENSION = xctest;
			};
			name = Release;
		};
/* End XCBuildConfiguration section */

/* Begin XCConfigurationList section */
		50C8236917F4845B001BEFA7 /* Build configuration list for PBXProject "NocBible" */ = {
			isa = XCConfigurationList;
			buildConfigurations = (
				50C823A117F4845C001BEFA7 /* Debug */,
				50C823A217F4845C001BEFA7 /* Release */,
			);
			defaultConfigurationIsVisible = 0;
			defaultConfigurationName = Release;
		};
		50C823A317F4845C001BEFA7 /* Build configuration list for PBXNativeTarget "NocBible" */ = {
			isa = XCConfigurationList;
			buildConfigurations = (
				50C823A417F4845C001BEFA7 /* Debug */,
				50C823A517F4845C001BEFA7 /* Release */,
			);
			defaultConfigurationIsVisible = 0;
			defaultConfigurationName = Release;
		};
		50C823A617F4845C001BEFA7 /* Build configuration list for PBXNativeTarget "NocBibleTests" */ = {
			isa = XCConfigurationList;
			buildConfigurations = (
				50C823A717F4845C001BEFA7 /* Debug */,
				50C823A817F4845C001BEFA7 /* Release */,
			);
			defaultConfigurationIsVisible = 0;
			defaultConfigurationName = Release;
		};
/* End XCConfigurationList section */
	};
	rootObject = 50C8236617F4845B001BEFA7 /* Project object */;
}
